// !$*UTF8*$!
{
	archiveVersion = 1;
	classes = {
	};
	objectVersion = 46;
	objects = {

/* Begin PBXBuildFile section */
		9EA08DCF5B8F98438397D0DF /* libPods.a in Frameworks */ = {isa = PBXBuildFile; fileRef = BEA03DB6F8A93721E4416B4C /* libPods.a */; };
		C94446CA1C96573C009D9F35 /* main.m in Sources */ = {isa = PBXBuildFile; fileRef = C94446C91C96573C009D9F35 /* main.m */; };
		C94446CD1C96573C009D9F35 /* AppDelegate.m in Sources */ = {isa = PBXBuildFile; fileRef = C94446CC1C96573C009D9F35 /* AppDelegate.m */; };
		C94446D01C96573C009D9F35 /* ViewController.m in Sources */ = {isa = PBXBuildFile; fileRef = C94446CF1C96573C009D9F35 /* ViewController.m */; };
		C94446D31C96573C009D9F35 /* Main.storyboard in Resources */ = {isa = PBXBuildFile; fileRef = C94446D11C96573C009D9F35 /* Main.storyboard */; };
		C94446D61C96573C009D9F35 /* ZJSDemoProjection.xcdatamodeld in Sources */ = {isa = PBXBuildFile; fileRef = C94446D41C96573C009D9F35 /* ZJSDemoProjection.xcdatamodeld */; };
		C94446D81C96573C009D9F35 /* Assets.xcassets in Resources */ = {isa = PBXBuildFile; fileRef = C94446D71C96573C009D9F35 /* Assets.xcassets */; };
		C94446DB1C96573C009D9F35 /* LaunchScreen.storyboard in Resources */ = {isa = PBXBuildFile; fileRef = C94446D91C96573C009D9F35 /* LaunchScreen.storyboard */; };
		C94446E61C96573C009D9F35 /* ZJSDemoProjectionTests.m in Sources */ = {isa = PBXBuildFile; fileRef = C94446E51C96573C009D9F35 /* ZJSDemoProjectionTests.m */; };
		C94446F11C96573C009D9F35 /* ZJSDemoProjectionUITests.m in Sources */ = {isa = PBXBuildFile; fileRef = C94446F01C96573C009D9F35 /* ZJSDemoProjectionUITests.m */; };
		C94447051C965C99009D9F35 /* IPIBasicViewController.m in Sources */ = {isa = PBXBuildFile; fileRef = C94447041C965C99009D9F35 /* IPIBasicViewController.m */; };
		C94447081C965CBC009D9F35 /* IPIBasicModel.m in Sources */ = {isa = PBXBuildFile; fileRef = C94447071C965CBC009D9F35 /* IPIBasicModel.m */; };
		C944470B1C965CED009D9F35 /* IPIBasicView.m in Sources */ = {isa = PBXBuildFile; fileRef = C944470A1C965CED009D9F35 /* IPIBasicView.m */; };
		C9656D8B1C96C66E0056752F /* navigationbar.png in Resources */ = {isa = PBXBuildFile; fileRef = C9656D8A1C96C66E0056752F /* navigationbar.png */; };
		C9656D8F1C96D6DD0056752F /* UIColor+HexColor.m in Sources */ = {isa = PBXBuildFile; fileRef = C9656D8E1C96D6DD0056752F /* UIColor+HexColor.m */; };
/* End PBXBuildFile section */

/* Begin PBXContainerItemProxy section */
		C94446E21C96573C009D9F35 /* PBXContainerItemProxy */ = {
			isa = PBXContainerItemProxy;
			containerPortal = C94446BD1C96573C009D9F35 /* Project object */;
			proxyType = 1;
			remoteGlobalIDString = C94446C41C96573C009D9F35;
			remoteInfo = ZJSDemoProjection;
		};
		C94446ED1C96573C009D9F35 /* PBXContainerItemProxy */ = {
			isa = PBXContainerItemProxy;
			containerPortal = C94446BD1C96573C009D9F35 /* Project object */;
			proxyType = 1;
			remoteGlobalIDString = C94446C41C96573C009D9F35;
			remoteInfo = ZJSDemoProjection;
		};
/* End PBXContainerItemProxy section */

/* Begin PBXFileReference section */
		19976B5B3182F627223B24AD /* Pods.release.xcconfig */ = {isa = PBXFileReference; includeInIndex = 1; lastKnownFileType = text.xcconfig; name = Pods.release.xcconfig; path = "Pods/Target Support Files/Pods/Pods.release.xcconfig"; sourceTree = "<group>"; };
		1BDCB2E228A793322564ABBA /* Pods.debug.xcconfig */ = {isa = PBXFileReference; includeInIndex = 1; lastKnownFileType = text.xcconfig; name = Pods.debug.xcconfig; path = "Pods/Target Support Files/Pods/Pods.debug.xcconfig"; sourceTree = "<group>"; };
		BEA03DB6F8A93721E4416B4C /* libPods.a */ = {isa = PBXFileReference; explicitFileType = archive.ar; includeInIndex = 0; path = libPods.a; sourceTree = BUILT_PRODUCTS_DIR; };
		C94446C51C96573C009D9F35 /* ZJSDemoProjection.app */ = {isa = PBXFileReference; explicitFileType = wrapper.application; includeInIndex = 0; path = ZJSDemoProjection.app; sourceTree = BUILT_PRODUCTS_DIR; };
		C94446C91C96573C009D9F35 /* main.m */ = {isa = PBXFileReference; lastKnownFileType = sourcecode.c.objc; path = main.m; sourceTree = "<group>"; };
		C94446CB1C96573C009D9F35 /* AppDelegate.h */ = {isa = PBXFileReference; lastKnownFileType = sourcecode.c.h; path = AppDelegate.h; sourceTree = "<group>"; };
		C94446CC1C96573C009D9F35 /* AppDelegate.m */ = {isa = PBXFileReference; lastKnownFileType = sourcecode.c.objc; path = AppDelegate.m; sourceTree = "<group>"; };
		C94446CE1C96573C009D9F35 /* ViewController.h */ = {isa = PBXFileReference; lastKnownFileType = sourcecode.c.h; path = ViewController.h; sourceTree = "<group>"; };
		C94446CF1C96573C009D9F35 /* ViewController.m */ = {isa = PBXFileReference; lastKnownFileType = sourcecode.c.objc; path = ViewController.m; sourceTree = "<group>"; };
		C94446D21C96573C009D9F35 /* Base */ = {isa = PBXFileReference; lastKnownFileType = file.storyboard; name = Base; path = Base.lproj/Main.storyboard; sourceTree = "<group>"; };
		C94446D51C96573C009D9F35 /* ZJSDemoProjection.xcdatamodel */ = {isa = PBXFileReference; lastKnownFileType = wrapper.xcdatamodel; path = ZJSDemoProjection.xcdatamodel; sourceTree = "<group>"; };
		C94446D71C96573C009D9F35 /* Assets.xcassets */ = {isa = PBXFileReference; lastKnownFileType = folder.assetcatalog; path = Assets.xcassets; sourceTree = "<group>"; };
		C94446DA1C96573C009D9F35 /* Base */ = {isa = PBXFileReference; lastKnownFileType = file.storyboard; name = Base; path = Base.lproj/LaunchScreen.storyboard; sourceTree = "<group>"; };
		C94446DC1C96573C009D9F35 /* Info.plist */ = {isa = PBXFileReference; lastKnownFileType = text.plist.xml; path = Info.plist; sourceTree = "<group>"; };
		C94446E11C96573C009D9F35 /* ZJSDemoProjectionTests.xctest */ = {isa = PBXFileReference; explicitFileType = wrapper.cfbundle; includeInIndex = 0; path = ZJSDemoProjectionTests.xctest; sourceTree = BUILT_PRODUCTS_DIR; };
		C94446E51C96573C009D9F35 /* ZJSDemoProjectionTests.m */ = {isa = PBXFileReference; lastKnownFileType = sourcecode.c.objc; path = ZJSDemoProjectionTests.m; sourceTree = "<group>"; };
		C94446E71C96573C009D9F35 /* Info.plist */ = {isa = PBXFileReference; lastKnownFileType = text.plist.xml; path = Info.plist; sourceTree = "<group>"; };
		C94446EC1C96573C009D9F35 /* ZJSDemoProjectionUITests.xctest */ = {isa = PBXFileReference; explicitFileType = wrapper.cfbundle; includeInIndex = 0; path = ZJSDemoProjectionUITests.xctest; sourceTree = BUILT_PRODUCTS_DIR; };
		C94446F01C96573C009D9F35 /* ZJSDemoProjectionUITests.m */ = {isa = PBXFileReference; lastKnownFileType = sourcecode.c.objc; path = ZJSDemoProjectionUITests.m; sourceTree = "<group>"; };
		C94446F21C96573C009D9F35 /* Info.plist */ = {isa = PBXFileReference; lastKnownFileType = text.plist.xml; path = Info.plist; sourceTree = "<group>"; };
		C94447031C965C99009D9F35 /* IPIBasicViewController.h */ = {isa = PBXFileReference; fileEncoding = 4; lastKnownFileType = sourcecode.c.h; path = IPIBasicViewController.h; sourceTree = "<group>"; };
		C94447041C965C99009D9F35 /* IPIBasicViewController.m */ = {isa = PBXFileReference; fileEncoding = 4; lastKnownFileType = sourcecode.c.objc; path = IPIBasicViewController.m; sourceTree = "<group>"; };
		C94447061C965CBC009D9F35 /* IPIBasicModel.h */ = {isa = PBXFileReference; fileEncoding = 4; lastKnownFileType = sourcecode.c.h; path = IPIBasicModel.h; sourceTree = "<group>"; };
		C94447071C965CBC009D9F35 /* IPIBasicModel.m */ = {isa = PBXFileReference; fileEncoding = 4; lastKnownFileType = sourcecode.c.objc; path = IPIBasicModel.m; sourceTree = "<group>"; };
		C94447091C965CED009D9F35 /* IPIBasicView.h */ = {isa = PBXFileReference; fileEncoding = 4; lastKnownFileType = sourcecode.c.h; path = IPIBasicView.h; sourceTree = "<group>"; };
		C944470A1C965CED009D9F35 /* IPIBasicView.m */ = {isa = PBXFileReference; fileEncoding = 4; lastKnownFileType = sourcecode.c.objc; path = IPIBasicView.m; sourceTree = "<group>"; };
		C9656D8A1C96C66E0056752F /* navigationbar.png */ = {isa = PBXFileReference; lastKnownFileType = image.png; path = navigationbar.png; sourceTree = "<group>"; };
		C9656D8D1C96D6DD0056752F /* UIColor+HexColor.h */ = {isa = PBXFileReference; fileEncoding = 4; lastKnownFileType = sourcecode.c.h; path = "UIColor+HexColor.h"; sourceTree = "<group>"; };
		C9656D8E1C96D6DD0056752F /* UIColor+HexColor.m */ = {isa = PBXFileReference; fileEncoding = 4; lastKnownFileType = sourcecode.c.objc; path = "UIColor+HexColor.m"; sourceTree = "<group>"; };
/* End PBXFileReference section */

/* Begin PBXFrameworksBuildPhase section */
		C94446C21C96573C009D9F35 /* Frameworks */ = {
			isa = PBXFrameworksBuildPhase;
			buildActionMask = 2147483647;
			files = (
				9EA08DCF5B8F98438397D0DF /* libPods.a in Frameworks */,
			);
			runOnlyForDeploymentPostprocessing = 0;
		};
		C94446DE1C96573C009D9F35 /* Frameworks */ = {
			isa = PBXFrameworksBuildPhase;
			buildActionMask = 2147483647;
			files = (
			);
			runOnlyForDeploymentPostprocessing = 0;
		};
		C94446E91C96573C009D9F35 /* Frameworks */ = {
			isa = PBXFrameworksBuildPhase;
			buildActionMask = 2147483647;
			files = (
			);
			runOnlyForDeploymentPostprocessing = 0;
		};
/* End PBXFrameworksBuildPhase section */

/* Begin PBXGroup section */
		8AC978E5F0F452CFC80A1710 /* Frameworks */ = {
			isa = PBXGroup;
			children = (
				BEA03DB6F8A93721E4416B4C /* libPods.a */,
			);
			name = Frameworks;
			sourceTree = "<group>";
		};
		B24EA40594969FD8207D50EC /* Pods */ = {
			isa = PBXGroup;
			children = (
				1BDCB2E228A793322564ABBA /* Pods.debug.xcconfig */,
				19976B5B3182F627223B24AD /* Pods.release.xcconfig */,
			);
			name = Pods;
			sourceTree = "<group>";
		};
		C94446BC1C96573C009D9F35 = {
			isa = PBXGroup;
			children = (
				C94446C71C96573C009D9F35 /* ZJSDemoProjection */,
				C94446E41C96573C009D9F35 /* ZJSDemoProjectionTests */,
				C94446EF1C96573C009D9F35 /* ZJSDemoProjectionUITests */,
				C94446C61C96573C009D9F35 /* Products */,
				B24EA40594969FD8207D50EC /* Pods */,
				8AC978E5F0F452CFC80A1710 /* Frameworks */,
			);
			sourceTree = "<group>";
		};
		C94446C61C96573C009D9F35 /* Products */ = {
			isa = PBXGroup;
			children = (
				C94446C51C96573C009D9F35 /* ZJSDemoProjection.app */,
				C94446E11C96573C009D9F35 /* ZJSDemoProjectionTests.xctest */,
				C94446EC1C96573C009D9F35 /* ZJSDemoProjectionUITests.xctest */,
			);
			name = Products;
			sourceTree = "<group>";
		};
		C94446C71C96573C009D9F35 /* ZJSDemoProjection */ = {
			isa = PBXGroup;
			children = (
				C94446CB1C96573C009D9F35 /* AppDelegate.h */,
				C94446CC1C96573C009D9F35 /* AppDelegate.m */,
				C94446CE1C96573C009D9F35 /* ViewController.h */,
				C94446CF1C96573C009D9F35 /* ViewController.m */,
				C94446D11C96573C009D9F35 /* Main.storyboard */,
				C94447001C965C25009D9F35 /* Model */,
				C94446FF1C965C25009D9F35 /* Controller */,
				C94447021C965C25009D9F35 /* View */,
				C94446FE1C965C25009D9F35 /* Common */,
				C94447011C965C25009D9F35 /* Resource */,
				C94446D71C96573C009D9F35 /* Assets.xcassets */,
				C94446D91C96573C009D9F35 /* LaunchScreen.storyboard */,
				C94446DC1C96573C009D9F35 /* Info.plist */,
				C94446D41C96573C009D9F35 /* ZJSDemoProjection.xcdatamodeld */,
				C94446C81C96573C009D9F35 /* Supporting Files */,
			);
			path = ZJSDemoProjection;
			sourceTree = "<group>";
		};
		C94446C81C96573C009D9F35 /* Supporting Files */ = {
			isa = PBXGroup;
			children = (
				C94446C91C96573C009D9F35 /* main.m */,
			);
			name = "Supporting Files";
			sourceTree = "<group>";
		};
		C94446E41C96573C009D9F35 /* ZJSDemoProjectionTests */ = {
			isa = PBXGroup;
			children = (
				C94446E51C96573C009D9F35 /* ZJSDemoProjectionTests.m */,
				C94446E71C96573C009D9F35 /* Info.plist */,
			);
			path = ZJSDemoProjectionTests;
			sourceTree = "<group>";
		};
		C94446EF1C96573C009D9F35 /* ZJSDemoProjectionUITests */ = {
			isa = PBXGroup;
			children = (
				C94446F01C96573C009D9F35 /* ZJSDemoProjectionUITests.m */,
				C94446F21C96573C009D9F35 /* Info.plist */,
			);
			path = ZJSDemoProjectionUITests;
			sourceTree = "<group>";
		};
		C94446FE1C965C25009D9F35 /* Common */ = {
			isa = PBXGroup;
			children = (
				C9656D8C1C96D6DD0056752F /* category */,
			);
			path = Common;
			sourceTree = "<group>";
		};
		C94446FF1C965C25009D9F35 /* Controller */ = {
			isa = PBXGroup;
			children = (
				C94447031C965C99009D9F35 /* IPIBasicViewController.h */,
				C94447041C965C99009D9F35 /* IPIBasicViewController.m */,
			);
			path = Controller;
			sourceTree = "<group>";
		};
		C94447001C965C25009D9F35 /* Model */ = {
			isa = PBXGroup;
			children = (
				C94447061C965CBC009D9F35 /* IPIBasicModel.h */,
				C94447071C965CBC009D9F35 /* IPIBasicModel.m */,
			);
			path = Model;
			sourceTree = "<group>";
		};
		C94447011C965C25009D9F35 /* Resource */ = {
			isa = PBXGroup;
			children = (
				C9656D8A1C96C66E0056752F /* navigationbar.png */,
			);
			path = Resource;
			sourceTree = "<group>";
		};
		C94447021C965C25009D9F35 /* View */ = {
			isa = PBXGroup;
			children = (
				C94447091C965CED009D9F35 /* IPIBasicView.h */,
				C944470A1C965CED009D9F35 /* IPIBasicView.m */,
			);
			path = View;
			sourceTree = "<group>";
		};
		C9656D8C1C96D6DD0056752F /* category */ = {
			isa = PBXGroup;
			children = (
				C9656D8D1C96D6DD0056752F /* UIColor+HexColor.h */,
				C9656D8E1C96D6DD0056752F /* UIColor+HexColor.m */,
			);
			path = category;
			sourceTree = "<group>";
		};
/* End PBXGroup section */

/* Begin PBXNativeTarget section */
		C94446C41C96573C009D9F35 /* ZJSDemoProjection */ = {
			isa = PBXNativeTarget;
			buildConfigurationList = C94446F51C96573C009D9F35 /* Build configuration list for PBXNativeTarget "ZJSDemoProjection" */;
			buildPhases = (
				6407D00DF51510599BE21B50 /* Check Pods Manifest.lock */,
				C94446C11C96573C009D9F35 /* Sources */,
				C94446C21C96573C009D9F35 /* Frameworks */,
				C94446C31C96573C009D9F35 /* Resources */,
				C4683F6CD0CE67B39B0D0E04 /* Embed Pods Frameworks */,
				788E748E1355787FF1DF8D2D /* Copy Pods Resources */,
			);
			buildRules = (
			);
			dependencies = (
			);
			name = ZJSDemoProjection;
			productName = ZJSDemoProjection;
			productReference = C94446C51C96573C009D9F35 /* ZJSDemoProjection.app */;
			productType = "com.apple.product-type.application";
		};
		C94446E01C96573C009D9F35 /* ZJSDemoProjectionTests */ = {
			isa = PBXNativeTarget;
			buildConfigurationList = C94446F81C96573C009D9F35 /* Build configuration list for PBXNativeTarget "ZJSDemoProjectionTests" */;
			buildPhases = (
				C94446DD1C96573C009D9F35 /* Sources */,
				C94446DE1C96573C009D9F35 /* Frameworks */,
				C94446DF1C96573C009D9F35 /* Resources */,
			);
			buildRules = (
			);
			dependencies = (
				C94446E31C96573C009D9F35 /* PBXTargetDependency */,
			);
			name = ZJSDemoProjectionTests;
			productName = ZJSDemoProjectionTests;
			productReference = C94446E11C96573C009D9F35 /* ZJSDemoProjectionTests.xctest */;
			productType = "com.apple.product-type.bundle.unit-test";
		};
		C94446EB1C96573C009D9F35 /* ZJSDemoProjectionUITests */ = {
			isa = PBXNativeTarget;
			buildConfigurationList = C94446FB1C96573C009D9F35 /* Build configuration list for PBXNativeTarget "ZJSDemoProjectionUITests" */;
			buildPhases = (
				C94446E81C96573C009D9F35 /* Sources */,
				C94446E91C96573C009D9F35 /* Frameworks */,
				C94446EA1C96573C009D9F35 /* Resources */,
			);
			buildRules = (
			);
			dependencies = (
				C94446EE1C96573C009D9F35 /* PBXTargetDependency */,
			);
			name = ZJSDemoProjectionUITests;
			productName = ZJSDemoProjectionUITests;
			productReference = C94446EC1C96573C009D9F35 /* ZJSDemoProjectionUITests.xctest */;
			productType = "com.apple.product-type.bundle.ui-testing";
		};
/* End PBXNativeTarget section */

/* Begin PBXProject section */
		C94446BD1C96573C009D9F35 /* Project object */ = {
			isa = PBXProject;
			attributes = {
				LastUpgradeCheck = 0720;
				ORGANIZATIONNAME = zjs;
				TargetAttributes = {
					C94446C41C96573C009D9F35 = {
						CreatedOnToolsVersion = 7.2.1;
					};
					C94446E01C96573C009D9F35 = {
						CreatedOnToolsVersion = 7.2.1;
						TestTargetID = C94446C41C96573C009D9F35;
					};
					C94446EB1C96573C009D9F35 = {
						CreatedOnToolsVersion = 7.2.1;
						TestTargetID = C94446C41C96573C009D9F35;
					};
				};
			};
			buildConfigurationList = C94446C01C96573C009D9F35 /* Build configuration list for PBXProject "ZJSDemoProjection" */;
			compatibilityVersion = "Xcode 3.2";
			developmentRegion = English;
			hasScannedForEncodings = 0;
			knownRegions = (
				en,
				Base,
			);
			mainGroup = C94446BC1C96573C009D9F35;
			productRefGroup = C94446C61C96573C009D9F35 /* Products */;
			projectDirPath = "";
			projectRoot = "";
			targets = (
				C94446C41C96573C009D9F35 /* ZJSDemoProjection */,
				C94446E01C96573C009D9F35 /* ZJSDemoProjectionTests */,
				C94446EB1C96573C009D9F35 /* ZJSDemoProjectionUITests */,
			);
		};
/* End PBXProject section */

/* Begin PBXResourcesBuildPhase section */
		C94446C31C96573C009D9F35 /* Resources */ = {
			isa = PBXResourcesBuildPhase;
			buildActionMask = 2147483647;
			files = (
				C94446DB1C96573C009D9F35 /* LaunchScreen.storyboard in Resources */,
				C9656D8B1C96C66E0056752F /* navigationbar.png in Resources */,
				C94446D81C96573C009D9F35 /* Assets.xcassets in Resources */,
				C94446D31C96573C009D9F35 /* Main.storyboard in Resources */,
			);
			runOnlyForDeploymentPostprocessing = 0;
		};
		C94446DF1C96573C009D9F35 /* Resources */ = {
			isa = PBXResourcesBuildPhase;
			buildActionMask = 2147483647;
			files = (
			);
			runOnlyForDeploymentPostprocessing = 0;
		};
		C94446EA1C96573C009D9F35 /* Resources */ = {
			isa = PBXResourcesBuildPhase;
			buildActionMask = 2147483647;
			files = (
			);
			runOnlyForDeploymentPostprocessing = 0;
		};
/* End PBXResourcesBuildPhase section */

/* Begin PBXShellScriptBuildPhase section */
		6407D00DF51510599BE21B50 /* Check Pods Manifest.lock */ = {
			isa = PBXShellScriptBuildPhase;
			buildActionMask = 2147483647;
			files = (
			);
			inputPaths = (
			);
			name = "Check Pods Manifest.lock";
			outputPaths = (
			);
			runOnlyForDeploymentPostprocessing = 0;
			shellPath = /bin/sh;
			shellScript = "diff \"${PODS_ROOT}/../Podfile.lock\" \"${PODS_ROOT}/Manifest.lock\" > /dev/null\nif [[ $? != 0 ]] ; then\n    cat << EOM\nerror: The sandbox is not in sync with the Podfile.lock. Run 'pod install' or update your CocoaPods installation.\nEOM\n    exit 1\nfi\n";
			showEnvVarsInLog = 0;
		};
		788E748E1355787FF1DF8D2D /* Copy Pods Resources */ = {
			isa = PBXShellScriptBuildPhase;
			buildActionMask = 2147483647;
			files = (
			);
			inputPaths = (
			);
			name = "Copy Pods Resources";
			outputPaths = (
			);
			runOnlyForDeploymentPostprocessing = 0;
			shellPath = /bin/sh;
			shellScript = "\"${SRCROOT}/Pods/Target Support Files/Pods/Pods-resources.sh\"\n";
			showEnvVarsInLog = 0;
		};
		C4683F6CD0CE67B39B0D0E04 /* Embed Pods Frameworks */ = {
			isa = PBXShellScriptBuildPhase;
			buildActionMask = 2147483647;
			files = (
			);
			inputPaths = (
			);
			name = "Embed Pods Frameworks";
			outputPaths = (
			);
			runOnlyForDeploymentPostprocessing = 0;
			shellPath = /bin/sh;
			shellScript = "\"${SRCROOT}/Pods/Target Support Files/Pods/Pods-frameworks.sh\"\n";
			showEnvVarsInLog = 0;
		};
/* End PBXShellScriptBuildPhase section */

/* Begin PBXSourcesBuildPhase section */
		C94446C11C96573C009D9F35 /* Sources */ = {
			isa = PBXSourcesBuildPhase;
			buildActionMask = 2147483647;
			files = (
				C94446D01C96573C009D9F35 /* ViewController.m in Sources */,
				C9656D8F1C96D6DD0056752F /* UIColor+HexColor.m in Sources */,
				C94446CD1C96573C009D9F35 /* AppDelegate.m in Sources */,
				C94446CA1C96573C009D9F35 /* main.m in Sources */,
				C94447051C965C99009D9F35 /* IPIBasicViewController.m in Sources */,
				C94446D61C96573C009D9F35 /* ZJSDemoProjection.xcdatamodeld in Sources */,
				C94447081C965CBC009D9F35 /* IPIBasicModel.m in Sources */,
				C944470B1C965CED009D9F35 /* IPIBasicView.m in Sources */,
			);
			runOnlyForDeploymentPostprocessing = 0;
		};
		C94446DD1C96573C009D9F35 /* Sources */ = {
			isa = PBXSourcesBuildPhase;
			buildActionMask = 2147483647;
			files = (
				C94446E61C96573C009D9F35 /* ZJSDemoProjectionTests.m in Sources */,
			);
			runOnlyForDeploymentPostprocessing = 0;
		};
		C94446E81C96573C009D9F35 /* Sources */ = {
			isa = PBXSourcesBuildPhase;
			buildActionMask = 2147483647;
			files = (
				C94446F11C96573C009D9F35 /* ZJSDemoProjectionUITests.m in Sources */,
			);
			runOnlyForDeploymentPostprocessing = 0;
		};
/* End PBXSourcesBuildPhase section */

/* Begin PBXTargetDependency section */
		C94446E31C96573C009D9F35 /* PBXTargetDependency */ = {
			isa = PBXTargetDependency;
			target = C94446C41C96573C009D9F35 /* ZJSDemoProjection */;
			targetProxy = C94446E21C96573C009D9F35 /* PBXContainerItemProxy */;
		};
		C94446EE1C96573C009D9F35 /* PBXTargetDependency */ = {
			isa = PBXTargetDependency;
			target = C94446C41C96573C009D9F35 /* ZJSDemoProjection */;
			targetProxy = C94446ED1C96573C009D9F35 /* PBXContainerItemProxy */;
		};
/* End PBXTargetDependency section */

/* Begin PBXVariantGroup section */
		C94446D11C96573C009D9F35 /* Main.storyboard */ = {
			isa = PBXVariantGroup;
			children = (
				C94446D21C96573C009D9F35 /* Base */,
			);
			name = Main.storyboard;
			sourceTree = "<group>";
		};
		C94446D91C96573C009D9F35 /* LaunchScreen.storyboard */ = {
			isa = PBXVariantGroup;
			children = (
				C94446DA1C96573C009D9F35 /* Base */,
			);
			name = LaunchScreen.storyboard;
			sourceTree = "<group>";
		};
/* End PBXVariantGroup section */

/* Begin XCBuildConfiguration section */
		C94446F31C96573C009D9F35 /* Debug */ = {
			isa = XCBuildConfiguration;
			buildSettings = {
				ALWAYS_SEARCH_USER_PATHS = NO;
				CLANG_CXX_LANGUAGE_STANDARD = "gnu++0x";
				CLANG_CXX_LIBRARY = "libc++";
				CLANG_ENABLE_MODULES = YES;
				CLANG_ENABLE_OBJC_ARC = YES;
				CLANG_WARN_BOOL_CONVERSION = YES;
				CLANG_WARN_CONSTANT_CONVERSION = YES;
				CLANG_WARN_DIRECT_OBJC_ISA_USAGE = YES_ERROR;
				CLANG_WARN_EMPTY_BODY = YES;
				CLANG_WARN_ENUM_CONVERSION = YES;
				CLANG_WARN_INT_CONVERSION = YES;
				CLANG_WARN_OBJC_ROOT_CLASS = YES_ERROR;
				CLANG_WARN_UNREACHABLE_CODE = YES;
				CLANG_WARN__DUPLICATE_METHOD_MATCH = YES;
				"CODE_SIGN_IDENTITY[sdk=iphoneos*]" = "iPhone Developer";
				COPY_PHASE_STRIP = NO;
				DEBUG_INFORMATION_FORMAT = dwarf;
				ENABLE_STRICT_OBJC_MSGSEND = YES;
				ENABLE_TESTABILITY = YES;
				GCC_C_LANGUAGE_STANDARD = gnu99;
				GCC_DYNAMIC_NO_PIC = NO;
				GCC_NO_COMMON_BLOCKS = YES;
				GCC_OPTIMIZATION_LEVEL = 0;
				GCC_PREPROCESSOR_DEFINITIONS = (
					"DEBUG=1",
					"$(inherited)",
				);
				GCC_WARN_64_TO_32_BIT_CONVERSION = YES;
				GCC_WARN_ABOUT_RETURN_TYPE = YES_ERROR;
				GCC_WARN_UNDECLARED_SELECTOR = YES;
				GCC_WARN_UNINITIALIZED_AUTOS = YES_AGGRESSIVE;
				GCC_WARN_UNUSED_FUNCTION = YES;
				GCC_WARN_UNUSED_VARIABLE = YES;
				IPHONEOS_DEPLOYMENT_TARGET = 9.2;
				MTL_ENABLE_DEBUG_INFO = YES;
				ONLY_ACTIVE_ARCH = YES;
				SDKROOT = iphoneos;
				TARGETED_DEVICE_FAMILY = "1,2";
			};
			name = Debug;
		};
		C94446F41C96573C009D9F35 /* Release */ = {
			isa = XCBuildConfiguration;
			buildSettings = {
				ALWAYS_SEARCH_USER_PATHS = NO;
				CLANG_CXX_LANGUAGE_STANDARD = "gnu++0x";
				CLANG_CXX_LIBRARY = "libc++";
				CLANG_ENABLE_MODULES = YES;
				CLANG_ENABLE_OBJC_ARC = YES;
				CLANG_WARN_BOOL_CONVERSION = YES;
				CLANG_WARN_CONSTANT_CONVERSION = YES;
				CLANG_WARN_DIRECT_OBJC_ISA_USAGE = YES_ERROR;
				CLANG_WARN_EMPTY_BODY = YES;
				CLANG_WARN_ENUM_CONVERSION = YES;
				CLANG_WARN_INT_CONVERSION = YES;
				CLANG_WARN_OBJC_ROOT_CLASS = YES_ERROR;
				CLANG_WARN_UNREACHABLE_CODE = YES;
				CLANG_WARN__DUPLICATE_METHOD_MATCH = YES;
				"CODE_SIGN_IDENTITY[sdk=iphoneos*]" = "iPhone Developer";
				COPY_PHASE_STRIP = NO;
				DEBUG_INFORMATION_FORMAT = "dwarf-with-dsym";
				ENABLE_NS_ASSERTIONS = NO;
				ENABLE_STRICT_OBJC_MSGSEND = YES;
				GCC_C_LANGUAGE_STANDARD = gnu99;
				GCC_NO_COMMON_BLOCKS = YES;
				GCC_WARN_64_TO_32_BIT_CONVERSION = YES;
				GCC_WARN_ABOUT_RETURN_TYPE = YES_ERROR;
				GCC_WARN_UNDECLARED_SELECTOR = YES;
				GCC_WARN_UNINITIALIZED_AUTOS = YES_AGGRESSIVE;
				GCC_WARN_UNUSED_FUNCTION = YES;
				GCC_WARN_UNUSED_VARIABLE = YES;
				IPHONEOS_DEPLOYMENT_TARGET = 9.2;
				MTL_ENABLE_DEBUG_INFO = NO;
				SDKROOT = iphoneos;
				TARGETED_DEVICE_FAMILY = "1,2";
				VALIDATE_PRODUCT = YES;
			};
			name = Release;
		};
		C94446F61C96573C009D9F35 /* Debug */ = {
			isa = XCBuildConfiguration;
			baseConfigurationReference = 1BDCB2E228A793322564ABBA /* Pods.debug.xcconfig */;
			buildSettings = {
				ASSETCATALOG_COMPILER_APPICON_NAME = AppIcon;
				INFOPLIST_FILE = ZJSDemoProjection/Info.plist;
				IPHONEOS_DEPLOYMENT_TARGET = 9.0;
				LD_RUNPATH_SEARCH_PATHS = "$(inherited) @executable_path/Frameworks";
				PRODUCT_BUNDLE_IDENTIFIER = com.ipi.ZJSDemoProjection;
				PRODUCT_NAME = "$(TARGET_NAME)";
			};
			name = Debug;
		};
		C94446F71C96573C009D9F35 /* Release */ = {
			isa = XCBuildConfiguration;
			baseConfigurationReference = 19976B5B3182F627223B24AD /* Pods.release.xcconfig */;
			buildSettings = {
				ASSETCATALOG_COMPILER_APPICON_NAME = AppIcon;
				INFOPLIST_FILE = ZJSDemoProjection/Info.plist;
				IPHONEOS_DEPLOYMENT_TARGET = 9.0;
				LD_RUNPATH_SEARCH_PATHS = "$(inherited) @executable_path/Frameworks";
				PRODUCT_BUNDLE_IDENTIFIER = com.ipi.ZJSDemoProjection;
				PRODUCT_NAME = "$(TARGET_NAME)";
			};
			name = Release;
		};
		C94446F91C96573C009D9F35 /* Debug */ = {
			isa = XCBuildConfiguration;
			buildSettings = {
				BUNDLE_LOADER = "$(TEST_HOST)";
				INFOPLIST_FILE = ZJSDemoProjectionTests/Info.plist;
				LD_RUNPATH_SEARCH_PATHS = "$(inherited) @executable_path/Frameworks @loader_path/Frameworks";
				PRODUCT_BUNDLE_IDENTIFIER = com.ipi.ZJSDemoProjectionTests;
				PRODUCT_NAME = "$(TARGET_NAME)";
				TEST_HOST = "$(BUILT_PRODUCTS_DIR)/ZJSDemoProjection.app/ZJSDemoProjection";
			};
			name = Debug;
		};
		C94446FA1C96573C009D9F35 /* Release */ = {
			isa = XCBuildConfiguration;
			buildSettings = {
				BUNDLE_LOADER = "$(TEST_HOST)";
				INFOPLIST_FILE = ZJSDemoProjectionTests/Info.plist;
				LD_RUNPATH_SEARCH_PATHS = "$(inherited) @executable_path/Frameworks @loader_path/Frameworks";
				PRODUCT_BUNDLE_IDENTIFIER = com.ipi.ZJSDemoProjectionTests;
				PRODUCT_NAME = "$(TARGET_NAME)";
				TEST_HOST = "$(BUILT_PRODUCTS_DIR)/ZJSDemoProjection.app/ZJSDemoProjection";
			};
			name = Release;
		};
		C94446FC1C96573C009D9F35 /* Debug */ = {
			isa = XCBuildConfiguration;
			buildSettings = {
				INFOPLIST_FILE = ZJSDemoProjectionUITests/Info.plist;
				LD_RUNPATH_SEARCH_PATHS = "$(inherited) @executable_path/Frameworks @loader_path/Frameworks";
				PRODUCT_BUNDLE_IDENTIFIER = com.ipi.ZJSDemoProjectionUITests;
				PRODUCT_NAME = "$(TARGET_NAME)";
				TEST_TARGET_NAME = ZJSDemoProjection;
				USES_XCTRUNNER = YES;
			};
			name = Debug;
		};
		C94446FD1C96573C009D9F35 /* Release */ = {
			isa = XCBuildConfiguration;
			buildSettings = {
				INFOPLIST_FILE = ZJSDemoProjectionUITests/Info.plist;
				LD_RUNPATH_SEARCH_PATHS = "$(inherited) @executable_path/Frameworks @loader_path/Frameworks";
				PRODUCT_BUNDLE_IDENTIFIER = com.ipi.ZJSDemoProjectionUITests;
				PRODUCT_NAME = "$(TARGET_NAME)";
				TEST_TARGET_NAME = ZJSDemoProjection;
				USES_XCTRUNNER = YES;
			};
			name = Release;
		};
/* End XCBuildConfiguration section */

/* Begin XCConfigurationList section */
		C94446C01C96573C009D9F35 /* Build configuration list for PBXProject "ZJSDemoProjection" */ = {
			isa = XCConfigurationList;
			buildConfigurations = (
				C94446F31C96573C009D9F35 /* Debug */,
				C94446F41C96573C009D9F35 /* Release */,
			);
			defaultConfigurationIsVisible = 0;
			defaultConfigurationName = Release;
		};
		C94446F51C96573C009D9F35 /* Build configuration list for PBXNativeTarget "ZJSDemoProjection" */ = {
			isa = XCConfigurationList;
			buildConfigurations = (
				C94446F61C96573C009D9F35 /* Debug */,
				C94446F71C96573C009D9F35 /* Release */,
			);
			defaultConfigurationIsVisible = 0;
			defaultConfigurationName = Release;
		};
		C94446F81C96573C009D9F35 /* Build configuration list for PBXNativeTarget "ZJSDemoProjectionTests" */ = {
			isa = XCConfigurationList;
			buildConfigurations = (
				C94446F91C96573C009D9F35 /* Debug */,
				C94446FA1C96573C009D9F35 /* Release */,
			);
			defaultConfigurationIsVisible = 0;
			defaultConfigurationName = Release;
		};
		C94446FB1C96573C009D9F35 /* Build configuration list for PBXNativeTarget "ZJSDemoProjectionUITests" */ = {
			isa = XCConfigurationList;
			buildConfigurations = (
				C94446FC1C96573C009D9F35 /* Debug */,
				C94446FD1C96573C009D9F35 /* Release */,
			);
			defaultConfigurationIsVisible = 0;
			defaultConfigurationName = Release;
		};
/* End XCConfigurationList section */

/* Begin XCVersionGroup section */
		C94446D41C96573C009D9F35 /* ZJSDemoProjection.xcdatamodeld */ = {
			isa = XCVersionGroup;
			children = (
				C94446D51C96573C009D9F35 /* ZJSDemoProjection.xcdatamodel */,
			);
			currentVersion = C94446D51C96573C009D9F35 /* ZJSDemoProjection.xcdatamodel */;
			path = ZJSDemoProjection.xcdatamodeld;
			sourceTree = "<group>";
			versionGroupType = wrapper.xcdatamodel;
		};
/* End XCVersionGroup section */
	};
	rootObject = C94446BD1C96573C009D9F35 /* Project object */;
}
