// !$*UTF8*$!
{
	archiveVersion = 1;
	classes = {
	};
	objectVersion = 46;
	objects = {

/* Begin PBXBuildFile section */
		9EA08DCF5B8F98438397D0DF /* libPods.a in Frameworks */ = {isa = PBXBuildFile; fileRef = BEA03DB6F8A93721E4416B4C /* libPods.a */; };
		C9419F101CDC3517000D59CF /* IPIShareIktViewController.m in Sources */ = {isa = PBXBuildFile; fileRef = C9419F0F1CDC3517000D59CF /* IPIShareIktViewController.m */; };
		C94446CA1C96573C009D9F35 /* main.m in Sources */ = {isa = PBXBuildFile; fileRef = C94446C91C96573C009D9F35 /* main.m */; };
		C94446CD1C96573C009D9F35 /* AppDelegate.m in Sources */ = {isa = PBXBuildFile; fileRef = C94446CC1C96573C009D9F35 /* AppDelegate.m */; };
		C94446D01C96573C009D9F35 /* ViewController.m in Sources */ = {isa = PBXBuildFile; fileRef = C94446CF1C96573C009D9F35 /* ViewController.m */; };
		C94446D31C96573C009D9F35 /* Main.storyboard in Resources */ = {isa = PBXBuildFile; fileRef = C94446D11C96573C009D9F35 /* Main.storyboard */; };
		C94446D61C96573C009D9F35 /* ZJSDemoProjection.xcdatamodeld in Sources */ = {isa = PBXBuildFile; fileRef = C94446D41C96573C009D9F35 /* ZJSDemoProjection.xcdatamodeld */; };
		C94446D81C96573C009D9F35 /* Assets.xcassets in Resources */ = {isa = PBXBuildFile; fileRef = C94446D71C96573C009D9F35 /* Assets.xcassets */; };
		C94446DB1C96573C009D9F35 /* LaunchScreen.storyboard in Resources */ = {isa = PBXBuildFile; fileRef = C94446D91C96573C009D9F35 /* LaunchScreen.storyboard */; };
		C94446E61C96573C009D9F35 /* ZJSDemoProjectionTests.m in Sources */ = {isa = PBXBuildFile; fileRef = C94446E51C96573C009D9F35 /* ZJSDemoProjectionTests.m */; };
		C94446F11C96573C009D9F35 /* ZJSDemoProjectionUITests.m in Sources */ = {isa = PBXBuildFile; fileRef = C94446F01C96573C009D9F35 /* ZJSDemoProjectionUITests.m */; };
		C94447051C965C99009D9F35 /* IPIBasicViewController.m in Sources */ = {isa = PBXBuildFile; fileRef = C94447041C965C99009D9F35 /* IPIBasicViewController.m */; };
		C944470B1C965CED009D9F35 /* IPIBasicView.m in Sources */ = {isa = PBXBuildFile; fileRef = C944470A1C965CED009D9F35 /* IPIBasicView.m */; };
		C9656D8B1C96C66E0056752F /* navigationbar.png in Resources */ = {isa = PBXBuildFile; fileRef = C9656D8A1C96C66E0056752F /* navigationbar.png */; };
		C9846D181CA6636C00DEB7E8 /* dog.jpg in Resources */ = {isa = PBXBuildFile; fileRef = C9846D171CA6636C00DEB7E8 /* dog.jpg */; };
		C9846D1B1CA67EC600DEB7E8 /* IPITextKitViewController.m in Sources */ = {isa = PBXBuildFile; fileRef = C9846D1A1CA67EC600DEB7E8 /* IPITextKitViewController.m */; };
		C986A0841CA3906F00432BD6 /* 头像.png in Resources */ = {isa = PBXBuildFile; fileRef = C986A0831CA3906F00432BD6 /* 头像.png */; };
		C9B0AAFA1CA3C686002A6D3F /* 头像@2x.png in Resources */ = {isa = PBXBuildFile; fileRef = C9B0AAF91CA3C686002A6D3F /* 头像@2x.png */; };
		C9B0AAFD1CA3E939002A6D3F /* IPIMessageViewController.m in Sources */ = {isa = PBXBuildFile; fileRef = C9B0AAFC1CA3E939002A6D3F /* IPIMessageViewController.m */; };
		C9BA64291CC8BD7D00922E3F /* IPIFileViewController.m in Sources */ = {isa = PBXBuildFile; fileRef = C9BA64281CC8BD7D00922E3F /* IPIFileViewController.m */; };
		C9E17E831CA4EAC500ED1195 /* IPIImageHandleViewController.m in Sources */ = {isa = PBXBuildFile; fileRef = C9E17E821CA4EAC500ED1195 /* IPIImageHandleViewController.m */; };
		C9FF8C761CA0E8E70098EA89 /* IPIWebViewController.m in Sources */ = {isa = PBXBuildFile; fileRef = C9FF8C751CA0E8E70098EA89 /* IPIWebViewController.m */; };
		E1026FD71CDD045300C56C0D /* UIColor+HexColor.m in Sources */ = {isa = PBXBuildFile; fileRef = E1026FCF1CDD045300C56C0D /* UIColor+HexColor.m */; };
		E1026FD81CDD045300C56C0D /* IPINetWorking.m in Sources */ = {isa = PBXBuildFile; fileRef = E1026FD21CDD045300C56C0D /* IPINetWorking.m */; };
		E1026FD91CDD045300C56C0D /* IPIReciever.m in Sources */ = {isa = PBXBuildFile; fileRef = E1026FD41CDD045300C56C0D /* IPIReciever.m */; };
		E1026FDA1CDD045300C56C0D /* IPISender.m in Sources */ = {isa = PBXBuildFile; fileRef = E1026FD61CDD045300C56C0D /* IPISender.m */; };
		E1026FE81CDD07A800C56C0D /* DepartMent+CoreDataProperties.m in Sources */ = {isa = PBXBuildFile; fileRef = E1026FDF1CDD07A800C56C0D /* DepartMent+CoreDataProperties.m */; };
		E1026FE91CDD07A800C56C0D /* DepartMent.m in Sources */ = {isa = PBXBuildFile; fileRef = E1026FE11CDD07A800C56C0D /* DepartMent.m */; };
		E1026FEA1CDD07A800C56C0D /* IPIBasicModel.m in Sources */ = {isa = PBXBuildFile; fileRef = E1026FE31CDD07A800C56C0D /* IPIBasicModel.m */; };
		E1026FEB1CDD07A800C56C0D /* Staff+CoreDataProperties.m in Sources */ = {isa = PBXBuildFile; fileRef = E1026FE51CDD07A800C56C0D /* Staff+CoreDataProperties.m */; };
		E1026FEC1CDD07A800C56C0D /* Staff.m in Sources */ = {isa = PBXBuildFile; fileRef = E1026FE71CDD07A800C56C0D /* Staff.m */; };
		E1026FEF1CDD085600C56C0D /* UserModel.m in Sources */ = {isa = PBXBuildFile; fileRef = E1026FEE1CDD085600C56C0D /* UserModel.m */; };
		E1026FF21CDD086B00C56C0D /* DataBaseSimple.m in Sources */ = {isa = PBXBuildFile; fileRef = E1026FF11CDD086B00C56C0D /* DataBaseSimple.m */; };
		E1026FF51CDD08C700C56C0D /* FileInfoModel.m in Sources */ = {isa = PBXBuildFile; fileRef = E1026FF41CDD08C700C56C0D /* FileInfoModel.m */; };
		E1026FF91CDF963000C56C0D /* CoreDataSimple.m in Sources */ = {isa = PBXBuildFile; fileRef = E1026FF81CDF963000C56C0D /* CoreDataSimple.m */; };
		E133EE081C9855E8006319A8 /* IPIMapViewController.m in Sources */ = {isa = PBXBuildFile; fileRef = E133EE071C9855E8006319A8 /* IPIMapViewController.m */; };
		E1854DF91C99B4AF00BB60D6 /* IPIMasonryViewController.m in Sources */ = {isa = PBXBuildFile; fileRef = E1854DF81C99B4AF00BB60D6 /* IPIMasonryViewController.m */; };
		E1854DFC1C99BCC600BB60D6 /* IPIMasonryView.m in Sources */ = {isa = PBXBuildFile; fileRef = E1854DFB1C99BCC600BB60D6 /* IPIMasonryView.m */; };
		E1854E281CA0409000BB60D6 /* IPIGraphicViewController.m in Sources */ = {isa = PBXBuildFile; fileRef = E1854E271CA0409000BB60D6 /* IPIGraphicViewController.m */; };
		E1854E2B1CA0463000BB60D6 /* IPIGraphicView.m in Sources */ = {isa = PBXBuildFile; fileRef = E1854E2A1CA0463000BB60D6 /* IPIGraphicView.m */; };
		E1854E2E1CA196CE00BB60D6 /* IPILayer.m in Sources */ = {isa = PBXBuildFile; fileRef = E1854E2D1CA196CE00BB60D6 /* IPILayer.m */; };
/* End PBXBuildFile section */

/* Begin PBXContainerItemProxy section */
		C94446E21C96573C009D9F35 /* PBXContainerItemProxy */ = {
			isa = PBXContainerItemProxy;
			containerPortal = C94446BD1C96573C009D9F35 /* Project object */;
			proxyType = 1;
			remoteGlobalIDString = C94446C41C96573C009D9F35;
			remoteInfo = ZJSDemoProjection;
		};
		C94446ED1C96573C009D9F35 /* PBXContainerItemProxy */ = {
			isa = PBXContainerItemProxy;
			containerPortal = C94446BD1C96573C009D9F35 /* Project object */;
			proxyType = 1;
			remoteGlobalIDString = C94446C41C96573C009D9F35;
			remoteInfo = ZJSDemoProjection;
		};
/* End PBXContainerItemProxy section */

/* Begin PBXFileReference section */
		19976B5B3182F627223B24AD /* Pods.release.xcconfig */ = {isa = PBXFileReference; includeInIndex = 1; lastKnownFileType = text.xcconfig; name = Pods.release.xcconfig; path = "Pods/Target Support Files/Pods/Pods.release.xcconfig"; sourceTree = "<group>"; };
		1BDCB2E228A793322564ABBA /* Pods.debug.xcconfig */ = {isa = PBXFileReference; includeInIndex = 1; lastKnownFileType = text.xcconfig; name = Pods.debug.xcconfig; path = "Pods/Target Support Files/Pods/Pods.debug.xcconfig"; sourceTree = "<group>"; };
		BEA03DB6F8A93721E4416B4C /* libPods.a */ = {isa = PBXFileReference; explicitFileType = archive.ar; includeInIndex = 0; path = libPods.a; sourceTree = BUILT_PRODUCTS_DIR; };
		C9419F0E1CDC3517000D59CF /* IPIShareIktViewController.h */ = {isa = PBXFileReference; fileEncoding = 4; lastKnownFileType = sourcecode.c.h; path = IPIShareIktViewController.h; sourceTree = "<group>"; };
		C9419F0F1CDC3517000D59CF /* IPIShareIktViewController.m */ = {isa = PBXFileReference; fileEncoding = 4; lastKnownFileType = sourcecode.c.objc; path = IPIShareIktViewController.m; sourceTree = "<group>"; };
		C9419F131CDC3603000D59CF /* README.h */ = {isa = PBXFileReference; lastKnownFileType = sourcecode.c.h; path = README.h; sourceTree = "<group>"; };
		C94446C51C96573C009D9F35 /* ZJSDemoProjection.app */ = {isa = PBXFileReference; explicitFileType = wrapper.application; includeInIndex = 0; path = ZJSDemoProjection.app; sourceTree = BUILT_PRODUCTS_DIR; };
		C94446C91C96573C009D9F35 /* main.m */ = {isa = PBXFileReference; lastKnownFileType = sourcecode.c.objc; path = main.m; sourceTree = "<group>"; };
		C94446CB1C96573C009D9F35 /* AppDelegate.h */ = {isa = PBXFileReference; lastKnownFileType = sourcecode.c.h; path = AppDelegate.h; sourceTree = "<group>"; };
		C94446CC1C96573C009D9F35 /* AppDelegate.m */ = {isa = PBXFileReference; lastKnownFileType = sourcecode.c.objc; path = AppDelegate.m; sourceTree = "<group>"; };
		C94446CE1C96573C009D9F35 /* ViewController.h */ = {isa = PBXFileReference; lastKnownFileType = sourcecode.c.h; path = ViewController.h; sourceTree = "<group>"; };
		C94446CF1C96573C009D9F35 /* ViewController.m */ = {isa = PBXFileReference; lastKnownFileType = sourcecode.c.objc; path = ViewController.m; sourceTree = "<group>"; };
		C94446D21C96573C009D9F35 /* Base */ = {isa = PBXFileReference; lastKnownFileType = file.storyboard; name = Base; path = Base.lproj/Main.storyboard; sourceTree = "<group>"; };
		C94446D51C96573C009D9F35 /* ZJSDemoProjection.xcdatamodel */ = {isa = PBXFileReference; lastKnownFileType = wrapper.xcdatamodel; path = ZJSDemoProjection.xcdatamodel; sourceTree = "<group>"; };
		C94446D71C96573C009D9F35 /* Assets.xcassets */ = {isa = PBXFileReference; lastKnownFileType = folder.assetcatalog; path = Assets.xcassets; sourceTree = "<group>"; };
		C94446DA1C96573C009D9F35 /* Base */ = {isa = PBXFileReference; lastKnownFileType = file.storyboard; name = Base; path = Base.lproj/LaunchScreen.storyboard; sourceTree = "<group>"; };
		C94446DC1C96573C009D9F35 /* Info.plist */ = {isa = PBXFileReference; lastKnownFileType = text.plist.xml; path = Info.plist; sourceTree = "<group>"; };
		C94446E11C96573C009D9F35 /* ZJSDemoProjectionTests.xctest */ = {isa = PBXFileReference; explicitFileType = wrapper.cfbundle; includeInIndex = 0; path = ZJSDemoProjectionTests.xctest; sourceTree = BUILT_PRODUCTS_DIR; };
		C94446E51C96573C009D9F35 /* ZJSDemoProjectionTests.m */ = {isa = PBXFileReference; lastKnownFileType = sourcecode.c.objc; path = ZJSDemoProjectionTests.m; sourceTree = "<group>"; };
		C94446E71C96573C009D9F35 /* Info.plist */ = {isa = PBXFileReference; lastKnownFileType = text.plist.xml; path = Info.plist; sourceTree = "<group>"; };
		C94446EC1C96573C009D9F35 /* ZJSDemoProjectionUITests.xctest */ = {isa = PBXFileReference; explicitFileType = wrapper.cfbundle; includeInIndex = 0; path = ZJSDemoProjectionUITests.xctest; sourceTree = BUILT_PRODUCTS_DIR; };
		C94446F01C96573C009D9F35 /* ZJSDemoProjectionUITests.m */ = {isa = PBXFileReference; lastKnownFileType = sourcecode.c.objc; path = ZJSDemoProjectionUITests.m; sourceTree = "<group>"; };
		C94446F21C96573C009D9F35 /* Info.plist */ = {isa = PBXFileReference; lastKnownFileType = text.plist.xml; path = Info.plist; sourceTree = "<group>"; };
		C94447031C965C99009D9F35 /* IPIBasicViewController.h */ = {isa = PBXFileReference; fileEncoding = 4; lastKnownFileType = sourcecode.c.h; path = IPIBasicViewController.h; sourceTree = "<group>"; };
		C94447041C965C99009D9F35 /* IPIBasicViewController.m */ = {isa = PBXFileReference; fileEncoding = 4; lastKnownFileType = sourcecode.c.objc; path = IPIBasicViewController.m; sourceTree = "<group>"; };
		C94447091C965CED009D9F35 /* IPIBasicView.h */ = {isa = PBXFileReference; fileEncoding = 4; lastKnownFileType = sourcecode.c.h; path = IPIBasicView.h; sourceTree = "<group>"; };
		C944470A1C965CED009D9F35 /* IPIBasicView.m */ = {isa = PBXFileReference; fileEncoding = 4; lastKnownFileType = sourcecode.c.objc; path = IPIBasicView.m; sourceTree = "<group>"; };
		C9656D8A1C96C66E0056752F /* navigationbar.png */ = {isa = PBXFileReference; lastKnownFileType = image.png; path = navigationbar.png; sourceTree = "<group>"; };
		C9846D171CA6636C00DEB7E8 /* dog.jpg */ = {isa = PBXFileReference; lastKnownFileType = image.jpeg; path = dog.jpg; sourceTree = "<group>"; };
		C9846D191CA67EC600DEB7E8 /* IPITextKitViewController.h */ = {isa = PBXFileReference; fileEncoding = 4; lastKnownFileType = sourcecode.c.h; path = IPITextKitViewController.h; sourceTree = "<group>"; };
		C9846D1A1CA67EC600DEB7E8 /* IPITextKitViewController.m */ = {isa = PBXFileReference; fileEncoding = 4; lastKnownFileType = sourcecode.c.objc; path = IPITextKitViewController.m; sourceTree = "<group>"; };
		C986A0831CA3906F00432BD6 /* 头像.png */ = {isa = PBXFileReference; lastKnownFileType = image.png; path = "头像.png"; sourceTree = "<group>"; };
		C9B0AAF91CA3C686002A6D3F /* 头像@2x.png */ = {isa = PBXFileReference; lastKnownFileType = image.png; path = "头像@2x.png"; sourceTree = "<group>"; };
		C9B0AAFB1CA3E939002A6D3F /* IPIMessageViewController.h */ = {isa = PBXFileReference; fileEncoding = 4; lastKnownFileType = sourcecode.c.h; path = IPIMessageViewController.h; sourceTree = "<group>"; };
		C9B0AAFC1CA3E939002A6D3F /* IPIMessageViewController.m */ = {isa = PBXFileReference; fileEncoding = 4; lastKnownFileType = sourcecode.c.objc; path = IPIMessageViewController.m; sourceTree = "<group>"; };
		C9BA64271CC8BD7D00922E3F /* IPIFileViewController.h */ = {isa = PBXFileReference; fileEncoding = 4; lastKnownFileType = sourcecode.c.h; path = IPIFileViewController.h; sourceTree = "<group>"; };
		C9BA64281CC8BD7D00922E3F /* IPIFileViewController.m */ = {isa = PBXFileReference; fileEncoding = 4; lastKnownFileType = sourcecode.c.objc; path = IPIFileViewController.m; sourceTree = "<group>"; };
		C9E17E811CA4EAC500ED1195 /* IPIImageHandleViewController.h */ = {isa = PBXFileReference; fileEncoding = 4; lastKnownFileType = sourcecode.c.h; path = IPIImageHandleViewController.h; sourceTree = "<group>"; };
		C9E17E821CA4EAC500ED1195 /* IPIImageHandleViewController.m */ = {isa = PBXFileReference; fileEncoding = 4; lastKnownFileType = sourcecode.c.objc; path = IPIImageHandleViewController.m; sourceTree = "<group>"; };
		C9FF8C741CA0E8E70098EA89 /* IPIWebViewController.h */ = {isa = PBXFileReference; fileEncoding = 4; lastKnownFileType = sourcecode.c.h; path = IPIWebViewController.h; sourceTree = "<group>"; };
		C9FF8C751CA0E8E70098EA89 /* IPIWebViewController.m */ = {isa = PBXFileReference; fileEncoding = 4; lastKnownFileType = sourcecode.c.objc; path = IPIWebViewController.m; sourceTree = "<group>"; };
		E1026FCE1CDD045300C56C0D /* UIColor+HexColor.h */ = {isa = PBXFileReference; fileEncoding = 4; lastKnownFileType = sourcecode.c.h; path = "UIColor+HexColor.h"; sourceTree = "<group>"; };
		E1026FCF1CDD045300C56C0D /* UIColor+HexColor.m */ = {isa = PBXFileReference; fileEncoding = 4; lastKnownFileType = sourcecode.c.objc; path = "UIColor+HexColor.m"; sourceTree = "<group>"; };
		E1026FD11CDD045300C56C0D /* IPINetWorking.h */ = {isa = PBXFileReference; fileEncoding = 4; lastKnownFileType = sourcecode.c.h; path = IPINetWorking.h; sourceTree = "<group>"; };
		E1026FD21CDD045300C56C0D /* IPINetWorking.m */ = {isa = PBXFileReference; fileEncoding = 4; lastKnownFileType = sourcecode.c.objc; path = IPINetWorking.m; sourceTree = "<group>"; };
		E1026FD31CDD045300C56C0D /* IPIReciever.h */ = {isa = PBXFileReference; fileEncoding = 4; lastKnownFileType = sourcecode.c.h; path = IPIReciever.h; sourceTree = "<group>"; };
		E1026FD41CDD045300C56C0D /* IPIReciever.m */ = {isa = PBXFileReference; fileEncoding = 4; lastKnownFileType = sourcecode.c.objc; path = IPIReciever.m; sourceTree = "<group>"; };
		E1026FD51CDD045300C56C0D /* IPISender.h */ = {isa = PBXFileReference; fileEncoding = 4; lastKnownFileType = sourcecode.c.h; path = IPISender.h; sourceTree = "<group>"; };
		E1026FD61CDD045300C56C0D /* IPISender.m */ = {isa = PBXFileReference; fileEncoding = 4; lastKnownFileType = sourcecode.c.objc; path = IPISender.m; sourceTree = "<group>"; };
		E1026FDE1CDD07A800C56C0D /* DepartMent+CoreDataProperties.h */ = {isa = PBXFileReference; fileEncoding = 4; lastKnownFileType = sourcecode.c.h; path = "DepartMent+CoreDataProperties.h"; sourceTree = "<group>"; };
		E1026FDF1CDD07A800C56C0D /* DepartMent+CoreDataProperties.m */ = {isa = PBXFileReference; fileEncoding = 4; lastKnownFileType = sourcecode.c.objc; path = "DepartMent+CoreDataProperties.m"; sourceTree = "<group>"; };
		E1026FE01CDD07A800C56C0D /* DepartMent.h */ = {isa = PBXFileReference; fileEncoding = 4; lastKnownFileType = sourcecode.c.h; path = DepartMent.h; sourceTree = "<group>"; };
		E1026FE11CDD07A800C56C0D /* DepartMent.m */ = {isa = PBXFileReference; fileEncoding = 4; lastKnownFileType = sourcecode.c.objc; path = DepartMent.m; sourceTree = "<group>"; };
		E1026FE21CDD07A800C56C0D /* IPIBasicModel.h */ = {isa = PBXFileReference; fileEncoding = 4; lastKnownFileType = sourcecode.c.h; path = IPIBasicModel.h; sourceTree = "<group>"; };
		E1026FE31CDD07A800C56C0D /* IPIBasicModel.m */ = {isa = PBXFileReference; fileEncoding = 4; lastKnownFileType = sourcecode.c.objc; path = IPIBasicModel.m; sourceTree = "<group>"; };
		E1026FE41CDD07A800C56C0D /* Staff+CoreDataProperties.h */ = {isa = PBXFileReference; fileEncoding = 4; lastKnownFileType = sourcecode.c.h; path = "Staff+CoreDataProperties.h"; sourceTree = "<group>"; };
		E1026FE51CDD07A800C56C0D /* Staff+CoreDataProperties.m */ = {isa = PBXFileReference; fileEncoding = 4; lastKnownFileType = sourcecode.c.objc; path = "Staff+CoreDataProperties.m"; sourceTree = "<group>"; };
		E1026FE61CDD07A800C56C0D /* Staff.h */ = {isa = PBXFileReference; fileEncoding = 4; lastKnownFileType = sourcecode.c.h; path = Staff.h; sourceTree = "<group>"; };
		E1026FE71CDD07A800C56C0D /* Staff.m */ = {isa = PBXFileReference; fileEncoding = 4; lastKnownFileType = sourcecode.c.objc; path = Staff.m; sourceTree = "<group>"; };
		E1026FED1CDD085600C56C0D /* UserModel.h */ = {isa = PBXFileReference; fileEncoding = 4; lastKnownFileType = sourcecode.c.h; path = UserModel.h; sourceTree = "<group>"; };
		E1026FEE1CDD085600C56C0D /* UserModel.m */ = {isa = PBXFileReference; fileEncoding = 4; lastKnownFileType = sourcecode.c.objc; path = UserModel.m; sourceTree = "<group>"; };
		E1026FF01CDD086B00C56C0D /* DataBaseSimple.h */ = {isa = PBXFileReference; fileEncoding = 4; lastKnownFileType = sourcecode.c.h; path = DataBaseSimple.h; sourceTree = "<group>"; };
		E1026FF11CDD086B00C56C0D /* DataBaseSimple.m */ = {isa = PBXFileReference; fileEncoding = 4; lastKnownFileType = sourcecode.c.objc; path = DataBaseSimple.m; sourceTree = "<group>"; };
		E1026FF31CDD08C700C56C0D /* FileInfoModel.h */ = {isa = PBXFileReference; fileEncoding = 4; lastKnownFileType = sourcecode.c.h; path = FileInfoModel.h; sourceTree = "<group>"; };
		E1026FF41CDD08C700C56C0D /* FileInfoModel.m */ = {isa = PBXFileReference; fileEncoding = 4; lastKnownFileType = sourcecode.c.objc; path = FileInfoModel.m; sourceTree = "<group>"; };
		E1026FF71CDF963000C56C0D /* CoreDataSimple.h */ = {isa = PBXFileReference; fileEncoding = 4; lastKnownFileType = sourcecode.c.h; path = CoreDataSimple.h; sourceTree = "<group>"; };
		E1026FF81CDF963000C56C0D /* CoreDataSimple.m */ = {isa = PBXFileReference; fileEncoding = 4; lastKnownFileType = sourcecode.c.objc; path = CoreDataSimple.m; sourceTree = "<group>"; };
		E133EE061C9855E8006319A8 /* IPIMapViewController.h */ = {isa = PBXFileReference; fileEncoding = 4; lastKnownFileType = sourcecode.c.h; path = IPIMapViewController.h; sourceTree = "<group>"; };
		E133EE071C9855E8006319A8 /* IPIMapViewController.m */ = {isa = PBXFileReference; fileEncoding = 4; lastKnownFileType = sourcecode.c.objc; path = IPIMapViewController.m; sourceTree = "<group>"; };
		E133EE091C98609F006319A8 /* ConfigMacro.h */ = {isa = PBXFileReference; lastKnownFileType = sourcecode.c.h; path = ConfigMacro.h; sourceTree = "<group>"; };
		E1854DF71C99B4AF00BB60D6 /* IPIMasonryViewController.h */ = {isa = PBXFileReference; fileEncoding = 4; lastKnownFileType = sourcecode.c.h; path = IPIMasonryViewController.h; sourceTree = "<group>"; };
		E1854DF81C99B4AF00BB60D6 /* IPIMasonryViewController.m */ = {isa = PBXFileReference; fileEncoding = 4; lastKnownFileType = sourcecode.c.objc; path = IPIMasonryViewController.m; sourceTree = "<group>"; };
		E1854DFA1C99BCC600BB60D6 /* IPIMasonryView.h */ = {isa = PBXFileReference; fileEncoding = 4; lastKnownFileType = sourcecode.c.h; path = IPIMasonryView.h; sourceTree = "<group>"; };
		E1854DFB1C99BCC600BB60D6 /* IPIMasonryView.m */ = {isa = PBXFileReference; fileEncoding = 4; lastKnownFileType = sourcecode.c.objc; path = IPIMasonryView.m; sourceTree = "<group>"; };
		E1854E261CA0409000BB60D6 /* IPIGraphicViewController.h */ = {isa = PBXFileReference; fileEncoding = 4; lastKnownFileType = sourcecode.c.h; path = IPIGraphicViewController.h; sourceTree = "<group>"; };
		E1854E271CA0409000BB60D6 /* IPIGraphicViewController.m */ = {isa = PBXFileReference; fileEncoding = 4; lastKnownFileType = sourcecode.c.objc; path = IPIGraphicViewController.m; sourceTree = "<group>"; };
		E1854E291CA0463000BB60D6 /* IPIGraphicView.h */ = {isa = PBXFileReference; fileEncoding = 4; lastKnownFileType = sourcecode.c.h; path = IPIGraphicView.h; sourceTree = "<group>"; };
		E1854E2A1CA0463000BB60D6 /* IPIGraphicView.m */ = {isa = PBXFileReference; fileEncoding = 4; lastKnownFileType = sourcecode.c.objc; path = IPIGraphicView.m; sourceTree = "<group>"; };
		E1854E2C1CA196CE00BB60D6 /* IPILayer.h */ = {isa = PBXFileReference; fileEncoding = 4; lastKnownFileType = sourcecode.c.h; path = IPILayer.h; sourceTree = "<group>"; };
		E1854E2D1CA196CE00BB60D6 /* IPILayer.m */ = {isa = PBXFileReference; fileEncoding = 4; lastKnownFileType = sourcecode.c.objc; path = IPILayer.m; sourceTree = "<group>"; };
/* End PBXFileReference section */

/* Begin PBXFrameworksBuildPhase section */
		C94446C21C96573C009D9F35 /* Frameworks */ = {
			isa = PBXFrameworksBuildPhase;
			buildActionMask = 2147483647;
			files = (
				9EA08DCF5B8F98438397D0DF /* libPods.a in Frameworks */,
			);
			runOnlyForDeploymentPostprocessing = 0;
		};
		C94446DE1C96573C009D9F35 /* Frameworks */ = {
			isa = PBXFrameworksBuildPhase;
			buildActionMask = 2147483647;
			files = (
			);
			runOnlyForDeploymentPostprocessing = 0;
		};
		C94446E91C96573C009D9F35 /* Frameworks */ = {
			isa = PBXFrameworksBuildPhase;
			buildActionMask = 2147483647;
			files = (
			);
			runOnlyForDeploymentPostprocessing = 0;
		};
/* End PBXFrameworksBuildPhase section */

/* Begin PBXGroup section */
		8AC978E5F0F452CFC80A1710 /* Frameworks */ = {
			isa = PBXGroup;
			children = (
				BEA03DB6F8A93721E4416B4C /* libPods.a */,
			);
			name = Frameworks;
			sourceTree = "<group>";
		};
		B24EA40594969FD8207D50EC /* Pods */ = {
			isa = PBXGroup;
			children = (
				1BDCB2E228A793322564ABBA /* Pods.debug.xcconfig */,
				19976B5B3182F627223B24AD /* Pods.release.xcconfig */,
			);
			name = Pods;
			sourceTree = "<group>";
		};
		C94446BC1C96573C009D9F35 = {
			isa = PBXGroup;
			children = (
				C94446C71C96573C009D9F35 /* ZJSDemoProjection */,
				C94446E41C96573C009D9F35 /* ZJSDemoProjectionTests */,
				C94446EF1C96573C009D9F35 /* ZJSDemoProjectionUITests */,
				C94446C61C96573C009D9F35 /* Products */,
				B24EA40594969FD8207D50EC /* Pods */,
				8AC978E5F0F452CFC80A1710 /* Frameworks */,
			);
			sourceTree = "<group>";
		};
		C94446C61C96573C009D9F35 /* Products */ = {
			isa = PBXGroup;
			children = (
				C94446C51C96573C009D9F35 /* ZJSDemoProjection.app */,
				C94446E11C96573C009D9F35 /* ZJSDemoProjectionTests.xctest */,
				C94446EC1C96573C009D9F35 /* ZJSDemoProjectionUITests.xctest */,
			);
			name = Products;
			sourceTree = "<group>";
		};
		C94446C71C96573C009D9F35 /* ZJSDemoProjection */ = {
			isa = PBXGroup;
			children = (
				C9419F131CDC3603000D59CF /* README.h */,
				C94446CB1C96573C009D9F35 /* AppDelegate.h */,
				C94446CC1C96573C009D9F35 /* AppDelegate.m */,
				E133EE091C98609F006319A8 /* ConfigMacro.h */,
				C94446CE1C96573C009D9F35 /* ViewController.h */,
				C94446CF1C96573C009D9F35 /* ViewController.m */,
				C94446D11C96573C009D9F35 /* Main.storyboard */,
				E1026FCD1CDD045300C56C0D /* category */,
				E1026FD01CDD045300C56C0D /* NetWork */,
				E1026FDB1CDD07A800C56C0D /* Model */,
				C94446FF1C965C25009D9F35 /* Controller */,
				C94447021C965C25009D9F35 /* View */,
				C94447011C965C25009D9F35 /* Resource */,
				C94446D71C96573C009D9F35 /* Assets.xcassets */,
				C94446D91C96573C009D9F35 /* LaunchScreen.storyboard */,
				C94446DC1C96573C009D9F35 /* Info.plist */,
				C94446D41C96573C009D9F35 /* ZJSDemoProjection.xcdatamodeld */,
				C94446C81C96573C009D9F35 /* Supporting Files */,
			);
			path = ZJSDemoProjection;
			sourceTree = "<group>";
		};
		C94446C81C96573C009D9F35 /* Supporting Files */ = {
			isa = PBXGroup;
			children = (
				C94446C91C96573C009D9F35 /* main.m */,
			);
			name = "Supporting Files";
			sourceTree = "<group>";
		};
		C94446E41C96573C009D9F35 /* ZJSDemoProjectionTests */ = {
			isa = PBXGroup;
			children = (
				C94446E51C96573C009D9F35 /* ZJSDemoProjectionTests.m */,
				C94446E71C96573C009D9F35 /* Info.plist */,
			);
			path = ZJSDemoProjectionTests;
			sourceTree = "<group>";
		};
		C94446EF1C96573C009D9F35 /* ZJSDemoProjectionUITests */ = {
			isa = PBXGroup;
			children = (
				C94446F01C96573C009D9F35 /* ZJSDemoProjectionUITests.m */,
				C94446F21C96573C009D9F35 /* Info.plist */,
			);
			path = ZJSDemoProjectionUITests;
			sourceTree = "<group>";
		};
		C94446FF1C965C25009D9F35 /* Controller */ = {
			isa = PBXGroup;
			children = (
				C94447031C965C99009D9F35 /* IPIBasicViewController.h */,
				C94447041C965C99009D9F35 /* IPIBasicViewController.m */,
				E133EE061C9855E8006319A8 /* IPIMapViewController.h */,
				E133EE071C9855E8006319A8 /* IPIMapViewController.m */,
				E1854DF71C99B4AF00BB60D6 /* IPIMasonryViewController.h */,
				E1854DF81C99B4AF00BB60D6 /* IPIMasonryViewController.m */,
				E1854E261CA0409000BB60D6 /* IPIGraphicViewController.h */,
				E1854E271CA0409000BB60D6 /* IPIGraphicViewController.m */,
				C9FF8C741CA0E8E70098EA89 /* IPIWebViewController.h */,
				C9FF8C751CA0E8E70098EA89 /* IPIWebViewController.m */,
				C9B0AAFB1CA3E939002A6D3F /* IPIMessageViewController.h */,
				C9B0AAFC1CA3E939002A6D3F /* IPIMessageViewController.m */,
				C9E17E811CA4EAC500ED1195 /* IPIImageHandleViewController.h */,
				C9E17E821CA4EAC500ED1195 /* IPIImageHandleViewController.m */,
				C9846D191CA67EC600DEB7E8 /* IPITextKitViewController.h */,
				C9846D1A1CA67EC600DEB7E8 /* IPITextKitViewController.m */,
				C9BA64271CC8BD7D00922E3F /* IPIFileViewController.h */,
				C9BA64281CC8BD7D00922E3F /* IPIFileViewController.m */,
				C9419F0E1CDC3517000D59CF /* IPIShareIktViewController.h */,
				C9419F0F1CDC3517000D59CF /* IPIShareIktViewController.m */,
			);
			path = Controller;
			sourceTree = "<group>";
		};
		C94447011C965C25009D9F35 /* Resource */ = {
			isa = PBXGroup;
			children = (
				C9846D171CA6636C00DEB7E8 /* dog.jpg */,
				C9656D8A1C96C66E0056752F /* navigationbar.png */,
				C986A0831CA3906F00432BD6 /* 头像.png */,
				C9B0AAF91CA3C686002A6D3F /* 头像@2x.png */,
			);
			path = Resource;
			sourceTree = "<group>";
		};
		C94447021C965C25009D9F35 /* View */ = {
			isa = PBXGroup;
			children = (
				E1854E2F1CA19D0F00BB60D6 /* 绘图 */,
				C94447091C965CED009D9F35 /* IPIBasicView.h */,
				C944470A1C965CED009D9F35 /* IPIBasicView.m */,
				E1854DFA1C99BCC600BB60D6 /* IPIMasonryView.h */,
				E1854DFB1C99BCC600BB60D6 /* IPIMasonryView.m */,
			);
			path = View;
			sourceTree = "<group>";
		};
		E1026FCD1CDD045300C56C0D /* category */ = {
			isa = PBXGroup;
			children = (
				E1026FCE1CDD045300C56C0D /* UIColor+HexColor.h */,
				E1026FCF1CDD045300C56C0D /* UIColor+HexColor.m */,
			);
			path = category;
			sourceTree = "<group>";
		};
		E1026FD01CDD045300C56C0D /* NetWork */ = {
			isa = PBXGroup;
			children = (
				E1026FD11CDD045300C56C0D /* IPINetWorking.h */,
				E1026FD21CDD045300C56C0D /* IPINetWorking.m */,
				E1026FD31CDD045300C56C0D /* IPIReciever.h */,
				E1026FD41CDD045300C56C0D /* IPIReciever.m */,
				E1026FD51CDD045300C56C0D /* IPISender.h */,
				E1026FD61CDD045300C56C0D /* IPISender.m */,
			);
			path = NetWork;
			sourceTree = "<group>";
		};
		E1026FDB1CDD07A800C56C0D /* Model */ = {
			isa = PBXGroup;
			children = (
				E1026FDC1CDD07A800C56C0D /* dao */,
				E1026FDD1CDD07A800C56C0D /* domain */,
			);
			path = Model;
			sourceTree = "<group>";
		};
		E1026FDC1CDD07A800C56C0D /* dao */ = {
			isa = PBXGroup;
			children = (
				E1026FF01CDD086B00C56C0D /* DataBaseSimple.h */,
				E1026FF11CDD086B00C56C0D /* DataBaseSimple.m */,
				E1026FF71CDF963000C56C0D /* CoreDataSimple.h */,
				E1026FF81CDF963000C56C0D /* CoreDataSimple.m */,
			);
			path = dao;
			sourceTree = "<group>";
		};
		E1026FDD1CDD07A800C56C0D /* domain */ = {
			isa = PBXGroup;
			children = (
				E1026FE21CDD07A800C56C0D /* IPIBasicModel.h */,
				E1026FE31CDD07A800C56C0D /* IPIBasicModel.m */,
				E1026FDE1CDD07A800C56C0D /* DepartMent+CoreDataProperties.h */,
				E1026FDF1CDD07A800C56C0D /* DepartMent+CoreDataProperties.m */,
				E1026FE01CDD07A800C56C0D /* DepartMent.h */,
				E1026FE11CDD07A800C56C0D /* DepartMent.m */,
				E1026FE41CDD07A800C56C0D /* Staff+CoreDataProperties.h */,
				E1026FE51CDD07A800C56C0D /* Staff+CoreDataProperties.m */,
				E1026FE61CDD07A800C56C0D /* Staff.h */,
				E1026FE71CDD07A800C56C0D /* Staff.m */,
				E1026FED1CDD085600C56C0D /* UserModel.h */,
				E1026FEE1CDD085600C56C0D /* UserModel.m */,
				E1026FF31CDD08C700C56C0D /* FileInfoModel.h */,
				E1026FF41CDD08C700C56C0D /* FileInfoModel.m */,
			);
			path = domain;
			sourceTree = "<group>";
		};
		E1854E2F1CA19D0F00BB60D6 /* 绘图 */ = {
			isa = PBXGroup;
			children = (
				E1854E291CA0463000BB60D6 /* IPIGraphicView.h */,
				E1854E2A1CA0463000BB60D6 /* IPIGraphicView.m */,
				E1854E2C1CA196CE00BB60D6 /* IPILayer.h */,
				E1854E2D1CA196CE00BB60D6 /* IPILayer.m */,
			);
			name = "绘图";
			sourceTree = "<group>";
		};
/* End PBXGroup section */

/* Begin PBXNativeTarget section */
		C94446C41C96573C009D9F35 /* ZJSDemoProjection */ = {
			isa = PBXNativeTarget;
			buildConfigurationList = C94446F51C96573C009D9F35 /* Build configuration list for PBXNativeTarget "ZJSDemoProjection" */;
			buildPhases = (
				6407D00DF51510599BE21B50 /* Check Pods Manifest.lock */,
				C94446C11C96573C009D9F35 /* Sources */,
				C94446C21C96573C009D9F35 /* Frameworks */,
				C94446C31C96573C009D9F35 /* Resources */,
				C4683F6CD0CE67B39B0D0E04 /* Embed Pods Frameworks */,
				788E748E1355787FF1DF8D2D /* Copy Pods Resources */,
			);
			buildRules = (
			);
			dependencies = (
			);
			name = ZJSDemoProjection;
			productName = ZJSDemoProjection;
			productReference = C94446C51C96573C009D9F35 /* ZJSDemoProjection.app */;
			productType = "com.apple.product-type.application";
		};
		C94446E01C96573C009D9F35 /* ZJSDemoProjectionTests */ = {
			isa = PBXNativeTarget;
			buildConfigurationList = C94446F81C96573C009D9F35 /* Build configuration list for PBXNativeTarget "ZJSDemoProjectionTests" */;
			buildPhases = (
				C94446DD1C96573C009D9F35 /* Sources */,
				C94446DE1C96573C009D9F35 /* Frameworks */,
				C94446DF1C96573C009D9F35 /* Resources */,
			);
			buildRules = (
			);
			dependencies = (
				C94446E31C96573C009D9F35 /* PBXTargetDependency */,
			);
			name = ZJSDemoProjectionTests;
			productName = ZJSDemoProjectionTests;
			productReference = C94446E11C96573C009D9F35 /* ZJSDemoProjectionTests.xctest */;
			productType = "com.apple.product-type.bundle.unit-test";
		};
		C94446EB1C96573C009D9F35 /* ZJSDemoProjectionUITests */ = {
			isa = PBXNativeTarget;
			buildConfigurationList = C94446FB1C96573C009D9F35 /* Build configuration list for PBXNativeTarget "ZJSDemoProjectionUITests" */;
			buildPhases = (
				C94446E81C96573C009D9F35 /* Sources */,
				C94446E91C96573C009D9F35 /* Frameworks */,
				C94446EA1C96573C009D9F35 /* Resources */,
			);
			buildRules = (
			);
			dependencies = (
				C94446EE1C96573C009D9F35 /* PBXTargetDependency */,
			);
			name = ZJSDemoProjectionUITests;
			productName = ZJSDemoProjectionUITests;
			productReference = C94446EC1C96573C009D9F35 /* ZJSDemoProjectionUITests.xctest */;
			productType = "com.apple.product-type.bundle.ui-testing";
		};
/* End PBXNativeTarget section */

/* Begin PBXProject section */
		C94446BD1C96573C009D9F35 /* Project object */ = {
			isa = PBXProject;
			attributes = {
				LastUpgradeCheck = 0720;
				ORGANIZATIONNAME = zjs;
				TargetAttributes = {
					C94446C41C96573C009D9F35 = {
						CreatedOnToolsVersion = 7.2.1;
						DevelopmentTeam = 5GYNH53HV7;
					};
					C94446E01C96573C009D9F35 = {
						CreatedOnToolsVersion = 7.2.1;
						TestTargetID = C94446C41C96573C009D9F35;
					};
					C94446EB1C96573C009D9F35 = {
						CreatedOnToolsVersion = 7.2.1;
						TestTargetID = C94446C41C96573C009D9F35;
					};
				};
			};
			buildConfigurationList = C94446C01C96573C009D9F35 /* Build configuration list for PBXProject "ZJSDemoProjection" */;
			compatibilityVersion = "Xcode 3.2";
			developmentRegion = English;
			hasScannedForEncodings = 0;
			knownRegions = (
				en,
				Base,
			);
			mainGroup = C94446BC1C96573C009D9F35;
			productRefGroup = C94446C61C96573C009D9F35 /* Products */;
			projectDirPath = "";
			projectRoot = "";
			targets = (
				C94446C41C96573C009D9F35 /* ZJSDemoProjection */,
				C94446E01C96573C009D9F35 /* ZJSDemoProjectionTests */,
				C94446EB1C96573C009D9F35 /* ZJSDemoProjectionUITests */,
			);
		};
/* End PBXProject section */

/* Begin PBXResourcesBuildPhase section */
		C94446C31C96573C009D9F35 /* Resources */ = {
			isa = PBXResourcesBuildPhase;
			buildActionMask = 2147483647;
			files = (
				C9846D181CA6636C00DEB7E8 /* dog.jpg in Resources */,
				C986A0841CA3906F00432BD6 /* 头像.png in Resources */,
				C9B0AAFA1CA3C686002A6D3F /* 头像@2x.png in Resources */,
				C94446DB1C96573C009D9F35 /* LaunchScreen.storyboard in Resources */,
				C9656D8B1C96C66E0056752F /* navigationbar.png in Resources */,
				C94446D81C96573C009D9F35 /* Assets.xcassets in Resources */,
				C94446D31C96573C009D9F35 /* Main.storyboard in Resources */,
			);
			runOnlyForDeploymentPostprocessing = 0;
		};
		C94446DF1C96573C009D9F35 /* Resources */ = {
			isa = PBXResourcesBuildPhase;
			buildActionMask = 2147483647;
			files = (
			);
			runOnlyForDeploymentPostprocessing = 0;
		};
		C94446EA1C96573C009D9F35 /* Resources */ = {
			isa = PBXResourcesBuildPhase;
			buildActionMask = 2147483647;
			files = (
			);
			runOnlyForDeploymentPostprocessing = 0;
		};
/* End PBXResourcesBuildPhase section */

/* Begin PBXShellScriptBuildPhase section */
		6407D00DF51510599BE21B50 /* Check Pods Manifest.lock */ = {
			isa = PBXShellScriptBuildPhase;
			buildActionMask = 2147483647;
			files = (
			);
			inputPaths = (
			);
			name = "Check Pods Manifest.lock";
			outputPaths = (
			);
			runOnlyForDeploymentPostprocessing = 0;
			shellPath = /bin/sh;
			shellScript = "diff \"${PODS_ROOT}/../Podfile.lock\" \"${PODS_ROOT}/Manifest.lock\" > /dev/null\nif [[ $? != 0 ]] ; then\n    cat << EOM\nerror: The sandbox is not in sync with the Podfile.lock. Run 'pod install' or update your CocoaPods installation.\nEOM\n    exit 1\nfi\n";
			showEnvVarsInLog = 0;
		};
		788E748E1355787FF1DF8D2D /* Copy Pods Resources */ = {
			isa = PBXShellScriptBuildPhase;
			buildActionMask = 2147483647;
			files = (
			);
			inputPaths = (
			);
			name = "Copy Pods Resources";
			outputPaths = (
			);
			runOnlyForDeploymentPostprocessing = 0;
			shellPath = /bin/sh;
			shellScript = "\"${SRCROOT}/Pods/Target Support Files/Pods/Pods-resources.sh\"\n";
			showEnvVarsInLog = 0;
		};
		C4683F6CD0CE67B39B0D0E04 /* Embed Pods Frameworks */ = {
			isa = PBXShellScriptBuildPhase;
			buildActionMask = 2147483647;
			files = (
			);
			inputPaths = (
			);
			name = "Embed Pods Frameworks";
			outputPaths = (
			);
			runOnlyForDeploymentPostprocessing = 0;
			shellPath = /bin/sh;
			shellScript = "\"${SRCROOT}/Pods/Target Support Files/Pods/Pods-frameworks.sh\"\n";
			showEnvVarsInLog = 0;
		};
/* End PBXShellScriptBuildPhase section */

/* Begin PBXSourcesBuildPhase section */
		C94446C11C96573C009D9F35 /* Sources */ = {
			isa = PBXSourcesBuildPhase;
			buildActionMask = 2147483647;
			files = (
				E1026FE81CDD07A800C56C0D /* DepartMent+CoreDataProperties.m in Sources */,
				E1026FF91CDF963000C56C0D /* CoreDataSimple.m in Sources */,
				C94446D01C96573C009D9F35 /* ViewController.m in Sources */,
				E1026FEF1CDD085600C56C0D /* UserModel.m in Sources */,
				E1026FF21CDD086B00C56C0D /* DataBaseSimple.m in Sources */,
				C9FF8C761CA0E8E70098EA89 /* IPIWebViewController.m in Sources */,
				E1026FF51CDD08C700C56C0D /* FileInfoModel.m in Sources */,
				E1026FD81CDD045300C56C0D /* IPINetWorking.m in Sources */,
				C9BA64291CC8BD7D00922E3F /* IPIFileViewController.m in Sources */,
				C9B0AAFD1CA3E939002A6D3F /* IPIMessageViewController.m in Sources */,
				E1854E2B1CA0463000BB60D6 /* IPIGraphicView.m in Sources */,
				C94446CD1C96573C009D9F35 /* AppDelegate.m in Sources */,
				E1854DF91C99B4AF00BB60D6 /* IPIMasonryViewController.m in Sources */,
				C94446CA1C96573C009D9F35 /* main.m in Sources */,
				E1854E281CA0409000BB60D6 /* IPIGraphicViewController.m in Sources */,
				E1026FE91CDD07A800C56C0D /* DepartMent.m in Sources */,
				E1026FEC1CDD07A800C56C0D /* Staff.m in Sources */,
				C9846D1B1CA67EC600DEB7E8 /* IPITextKitViewController.m in Sources */,
				E1854DFC1C99BCC600BB60D6 /* IPIMasonryView.m in Sources */,
				E133EE081C9855E8006319A8 /* IPIMapViewController.m in Sources */,
				C94447051C965C99009D9F35 /* IPIBasicViewController.m in Sources */,
				E1026FEB1CDD07A800C56C0D /* Staff+CoreDataProperties.m in Sources */,
				C9E17E831CA4EAC500ED1195 /* IPIImageHandleViewController.m in Sources */,
				E1026FD71CDD045300C56C0D /* UIColor+HexColor.m in Sources */,
				C94446D61C96573C009D9F35 /* ZJSDemoProjection.xcdatamodeld in Sources */,
				E1026FDA1CDD045300C56C0D /* IPISender.m in Sources */,
				E1026FEA1CDD07A800C56C0D /* IPIBasicModel.m in Sources */,
				E1026FD91CDD045300C56C0D /* IPIReciever.m in Sources */,
				E1854E2E1CA196CE00BB60D6 /* IPILayer.m in Sources */,
				C9419F101CDC3517000D59CF /* IPIShareIktViewController.m in Sources */,
				C944470B1C965CED009D9F35 /* IPIBasicView.m in Sources */,
			);
			runOnlyForDeploymentPostprocessing = 0;
		};
		C94446DD1C96573C009D9F35 /* Sources */ = {
			isa = PBXSourcesBuildPhase;
			buildActionMask = 2147483647;
			files = (
				C94446E61C96573C009D9F35 /* ZJSDemoProjectionTests.m in Sources */,
			);
			runOnlyForDeploymentPostprocessing = 0;
		};
		C94446E81C96573C009D9F35 /* Sources */ = {
			isa = PBXSourcesBuildPhase;
			buildActionMask = 2147483647;
			files = (
				C94446F11C96573C009D9F35 /* ZJSDemoProjectionUITests.m in Sources */,
			);
			runOnlyForDeploymentPostprocessing = 0;
		};
/* End PBXSourcesBuildPhase section */

/* Begin PBXTargetDependency section */
		C94446E31C96573C009D9F35 /* PBXTargetDependency */ = {
			isa = PBXTargetDependency;
			target = C94446C41C96573C009D9F35 /* ZJSDemoProjection */;
			targetProxy = C94446E21C96573C009D9F35 /* PBXContainerItemProxy */;
		};
		C94446EE1C96573C009D9F35 /* PBXTargetDependency */ = {
			isa = PBXTargetDependency;
			target = C94446C41C96573C009D9F35 /* ZJSDemoProjection */;
			targetProxy = C94446ED1C96573C009D9F35 /* PBXContainerItemProxy */;
		};
/* End PBXTargetDependency section */

/* Begin PBXVariantGroup section */
		C94446D11C96573C009D9F35 /* Main.storyboard */ = {
			isa = PBXVariantGroup;
			children = (
				C94446D21C96573C009D9F35 /* Base */,
			);
			name = Main.storyboard;
			sourceTree = "<group>";
		};
		C94446D91C96573C009D9F35 /* LaunchScreen.storyboard */ = {
			isa = PBXVariantGroup;
			children = (
				C94446DA1C96573C009D9F35 /* Base */,
			);
			name = LaunchScreen.storyboard;
			sourceTree = "<group>";
		};
/* End PBXVariantGroup section */

/* Begin XCBuildConfiguration section */
		C94446F31C96573C009D9F35 /* Debug */ = {
			isa = XCBuildConfiguration;
			buildSettings = {
				ALWAYS_SEARCH_USER_PATHS = NO;
				CLANG_CXX_LANGUAGE_STANDARD = "gnu++0x";
				CLANG_CXX_LIBRARY = "libc++";
				CLANG_ENABLE_MODULES = YES;
				CLANG_ENABLE_OBJC_ARC = YES;
				CLANG_WARN_BOOL_CONVERSION = YES;
				CLANG_WARN_CONSTANT_CONVERSION = YES;
				CLANG_WARN_DIRECT_OBJC_ISA_USAGE = YES_ERROR;
				CLANG_WARN_EMPTY_BODY = YES;
				CLANG_WARN_ENUM_CONVERSION = YES;
				CLANG_WARN_INT_CONVERSION = YES;
				CLANG_WARN_OBJC_ROOT_CLASS = YES_ERROR;
				CLANG_WARN_UNREACHABLE_CODE = YES;
				CLANG_WARN__DUPLICATE_METHOD_MATCH = YES;
				"CODE_SIGN_IDENTITY[sdk=iphoneos*]" = "iPhone Developer";
				COPY_PHASE_STRIP = NO;
				DEBUG_INFORMATION_FORMAT = dwarf;
				ENABLE_STRICT_OBJC_MSGSEND = YES;
				ENABLE_TESTABILITY = YES;
				GCC_C_LANGUAGE_STANDARD = gnu99;
				GCC_DYNAMIC_NO_PIC = NO;
				GCC_NO_COMMON_BLOCKS = YES;
				GCC_OPTIMIZATION_LEVEL = 0;
				GCC_PREPROCESSOR_DEFINITIONS = (
					"DEBUG=1",
					"$(inherited)",
				);
				GCC_WARN_64_TO_32_BIT_CONVERSION = YES;
				GCC_WARN_ABOUT_RETURN_TYPE = YES_ERROR;
				GCC_WARN_UNDECLARED_SELECTOR = YES;
				GCC_WARN_UNINITIALIZED_AUTOS = YES_AGGRESSIVE;
				GCC_WARN_UNUSED_FUNCTION = YES;
				GCC_WARN_UNUSED_VARIABLE = YES;
				IPHONEOS_DEPLOYMENT_TARGET = 9.2;
				MTL_ENABLE_DEBUG_INFO = YES;
				ONLY_ACTIVE_ARCH = YES;
				SDKROOT = iphoneos;
				TARGETED_DEVICE_FAMILY = "1,2";
			};
			name = Debug;
		};
		C94446F41C96573C009D9F35 /* Release */ = {
			isa = XCBuildConfiguration;
			buildSettings = {
				ALWAYS_SEARCH_USER_PATHS = NO;
				CLANG_CXX_LANGUAGE_STANDARD = "gnu++0x";
				CLANG_CXX_LIBRARY = "libc++";
				CLANG_ENABLE_MODULES = YES;
				CLANG_ENABLE_OBJC_ARC = YES;
				CLANG_WARN_BOOL_CONVERSION = YES;
				CLANG_WARN_CONSTANT_CONVERSION = YES;
				CLANG_WARN_DIRECT_OBJC_ISA_USAGE = YES_ERROR;
				CLANG_WARN_EMPTY_BODY = YES;
				CLANG_WARN_ENUM_CONVERSION = YES;
				CLANG_WARN_INT_CONVERSION = YES;
				CLANG_WARN_OBJC_ROOT_CLASS = YES_ERROR;
				CLANG_WARN_UNREACHABLE_CODE = YES;
				CLANG_WARN__DUPLICATE_METHOD_MATCH = YES;
				"CODE_SIGN_IDENTITY[sdk=iphoneos*]" = "iPhone Developer";
				COPY_PHASE_STRIP = NO;
				DEBUG_INFORMATION_FORMAT = "dwarf-with-dsym";
				ENABLE_NS_ASSERTIONS = NO;
				ENABLE_STRICT_OBJC_MSGSEND = YES;
				GCC_C_LANGUAGE_STANDARD = gnu99;
				GCC_NO_COMMON_BLOCKS = YES;
				GCC_WARN_64_TO_32_BIT_CONVERSION = YES;
				GCC_WARN_ABOUT_RETURN_TYPE = YES_ERROR;
				GCC_WARN_UNDECLARED_SELECTOR = YES;
				GCC_WARN_UNINITIALIZED_AUTOS = YES_AGGRESSIVE;
				GCC_WARN_UNUSED_FUNCTION = YES;
				GCC_WARN_UNUSED_VARIABLE = YES;
				IPHONEOS_DEPLOYMENT_TARGET = 9.2;
				MTL_ENABLE_DEBUG_INFO = NO;
				SDKROOT = iphoneos;
				TARGETED_DEVICE_FAMILY = "1,2";
				VALIDATE_PRODUCT = YES;
			};
			name = Release;
		};
		C94446F61C96573C009D9F35 /* Debug */ = {
			isa = XCBuildConfiguration;
			baseConfigurationReference = 1BDCB2E228A793322564ABBA /* Pods.debug.xcconfig */;
			buildSettings = {
				ASSETCATALOG_COMPILER_APPICON_NAME = AppIcon;
				CODE_SIGN_IDENTITY = "iPhone Developer";
				"CODE_SIGN_IDENTITY[sdk=iphoneos*]" = "iPhone Developer";
				INFOPLIST_FILE = ZJSDemoProjection/Info.plist;
				IPHONEOS_DEPLOYMENT_TARGET = 7.1;
				LD_RUNPATH_SEARCH_PATHS = "$(inherited) @executable_path/Frameworks";
				PRODUCT_BUNDLE_IDENTIFIER = com.ipi.ZJSDemoProjection;
				PRODUCT_NAME = "$(TARGET_NAME)";
				PROVISIONING_PROFILE = "";
			};
			name = Debug;
		};
		C94446F71C96573C009D9F35 /* Release */ = {
			isa = XCBuildConfiguration;
			baseConfigurationReference = 19976B5B3182F627223B24AD /* Pods.release.xcconfig */;
			buildSettings = {
				ASSETCATALOG_COMPILER_APPICON_NAME = AppIcon;
				CODE_SIGN_IDENTITY = "iPhone Developer";
				"CODE_SIGN_IDENTITY[sdk=iphoneos*]" = "iPhone Developer";
				INFOPLIST_FILE = ZJSDemoProjection/Info.plist;
				IPHONEOS_DEPLOYMENT_TARGET = 7.1;
				LD_RUNPATH_SEARCH_PATHS = "$(inherited) @executable_path/Frameworks";
				PRODUCT_BUNDLE_IDENTIFIER = com.ipi.ZJSDemoProjection;
				PRODUCT_NAME = "$(TARGET_NAME)";
				PROVISIONING_PROFILE = "";
			};
			name = Release;
		};
		C94446F91C96573C009D9F35 /* Debug */ = {
			isa = XCBuildConfiguration;
			buildSettings = {
				BUNDLE_LOADER = "$(TEST_HOST)";
				INFOPLIST_FILE = ZJSDemoProjectionTests/Info.plist;
				LD_RUNPATH_SEARCH_PATHS = "$(inherited) @executable_path/Frameworks @loader_path/Frameworks";
				PRODUCT_BUNDLE_IDENTIFIER = com.ipi.ZJSDemoProjectionTests;
				PRODUCT_NAME = "$(TARGET_NAME)";
				TEST_HOST = "$(BUILT_PRODUCTS_DIR)/ZJSDemoProjection.app/ZJSDemoProjection";
			};
			name = Debug;
		};
		C94446FA1C96573C009D9F35 /* Release */ = {
			isa = XCBuildConfiguration;
			buildSettings = {
				BUNDLE_LOADER = "$(TEST_HOST)";
				INFOPLIST_FILE = ZJSDemoProjectionTests/Info.plist;
				LD_RUNPATH_SEARCH_PATHS = "$(inherited) @executable_path/Frameworks @loader_path/Frameworks";
				PRODUCT_BUNDLE_IDENTIFIER = com.ipi.ZJSDemoProjectionTests;
				PRODUCT_NAME = "$(TARGET_NAME)";
				TEST_HOST = "$(BUILT_PRODUCTS_DIR)/ZJSDemoProjection.app/ZJSDemoProjection";
			};
			name = Release;
		};
		C94446FC1C96573C009D9F35 /* Debug */ = {
			isa = XCBuildConfiguration;
			buildSettings = {
				INFOPLIST_FILE = ZJSDemoProjectionUITests/Info.plist;
				LD_RUNPATH_SEARCH_PATHS = "$(inherited) @executable_path/Frameworks @loader_path/Frameworks";
				PRODUCT_BUNDLE_IDENTIFIER = com.ipi.ZJSDemoProjectionUITests;
				PRODUCT_NAME = "$(TARGET_NAME)";
				TEST_TARGET_NAME = ZJSDemoProjection;
				USES_XCTRUNNER = YES;
			};
			name = Debug;
		};
		C94446FD1C96573C009D9F35 /* Release */ = {
			isa = XCBuildConfiguration;
			buildSettings = {
				INFOPLIST_FILE = ZJSDemoProjectionUITests/Info.plist;
				LD_RUNPATH_SEARCH_PATHS = "$(inherited) @executable_path/Frameworks @loader_path/Frameworks";
				PRODUCT_BUNDLE_IDENTIFIER = com.ipi.ZJSDemoProjectionUITests;
				PRODUCT_NAME = "$(TARGET_NAME)";
				TEST_TARGET_NAME = ZJSDemoProjection;
				USES_XCTRUNNER = YES;
			};
			name = Release;
		};
/* End XCBuildConfiguration section */

/* Begin XCConfigurationList section */
		C94446C01C96573C009D9F35 /* Build configuration list for PBXProject "ZJSDemoProjection" */ = {
			isa = XCConfigurationList;
			buildConfigurations = (
				C94446F31C96573C009D9F35 /* Debug */,
				C94446F41C96573C009D9F35 /* Release */,
			);
			defaultConfigurationIsVisible = 0;
			defaultConfigurationName = Release;
		};
		C94446F51C96573C009D9F35 /* Build configuration list for PBXNativeTarget "ZJSDemoProjection" */ = {
			isa = XCConfigurationList;
			buildConfigurations = (
				C94446F61C96573C009D9F35 /* Debug */,
				C94446F71C96573C009D9F35 /* Release */,
			);
			defaultConfigurationIsVisible = 0;
			defaultConfigurationName = Release;
		};
		C94446F81C96573C009D9F35 /* Build configuration list for PBXNativeTarget "ZJSDemoProjectionTests" */ = {
			isa = XCConfigurationList;
			buildConfigurations = (
				C94446F91C96573C009D9F35 /* Debug */,
				C94446FA1C96573C009D9F35 /* Release */,
			);
			defaultConfigurationIsVisible = 0;
			defaultConfigurationName = Release;
		};
		C94446FB1C96573C009D9F35 /* Build configuration list for PBXNativeTarget "ZJSDemoProjectionUITests" */ = {
			isa = XCConfigurationList;
			buildConfigurations = (
				C94446FC1C96573C009D9F35 /* Debug */,
				C94446FD1C96573C009D9F35 /* Release */,
			);
			defaultConfigurationIsVisible = 0;
			defaultConfigurationName = Release;
		};
/* End XCConfigurationList section */

/* Begin XCVersionGroup section */
		C94446D41C96573C009D9F35 /* ZJSDemoProjection.xcdatamodeld */ = {
			isa = XCVersionGroup;
			children = (
				C94446D51C96573C009D9F35 /* ZJSDemoProjection.xcdatamodel */,
			);
			currentVersion = C94446D51C96573C009D9F35 /* ZJSDemoProjection.xcdatamodel */;
			path = ZJSDemoProjection.xcdatamodeld;
			sourceTree = "<group>";
			versionGroupType = wrapper.xcdatamodel;
		};
/* End XCVersionGroup section */
	};
	rootObject = C94446BD1C96573C009D9F35 /* Project object */;
}
